// !$*UTF8*$!
{
	archiveVersion = 1;
	classes = {
	};
	objectVersion = 46;
	objects = {

/* Begin PBXBuildFile section */
		F12F48F019332EA4003631C5 /* Foundation.framework in Frameworks */ = {isa = PBXBuildFile; fileRef = F12F48EF19332EA4003631C5 /* Foundation.framework */; };
		F12F48F219332EA4003631C5 /* CoreGraphics.framework in Frameworks */ = {isa = PBXBuildFile; fileRef = F12F48F119332EA4003631C5 /* CoreGraphics.framework */; };
		F12F48F419332EA4003631C5 /* UIKit.framework in Frameworks */ = {isa = PBXBuildFile; fileRef = F12F48F319332EA4003631C5 /* UIKit.framework */; };
		F12F48FA19332EA4003631C5 /* InfoPlist.strings in Resources */ = {isa = PBXBuildFile; fileRef = F12F48F819332EA4003631C5 /* InfoPlist.strings */; };
		F12F48FC19332EA4003631C5 /* main.m in Sources */ = {isa = PBXBuildFile; fileRef = F12F48FB19332EA4003631C5 /* main.m */; };
		F12F490019332EA4003631C5 /* XbICAppDelegate.m in Sources */ = {isa = PBXBuildFile; fileRef = F12F48FF19332EA4003631C5 /* XbICAppDelegate.m */; };
		F12F490319332EA4003631C5 /* Main.storyboard in Resources */ = {isa = PBXBuildFile; fileRef = F12F490119332EA4003631C5 /* Main.storyboard */; };
		F12F490619332EA4003631C5 /* XbICViewController.m in Sources */ = {isa = PBXBuildFile; fileRef = F12F490519332EA4003631C5 /* XbICViewController.m */; };
		F12F490819332EA4003631C5 /* Images.xcassets in Resources */ = {isa = PBXBuildFile; fileRef = F12F490719332EA4003631C5 /* Images.xcassets */; };
		F12F490F19332EA5003631C5 /* XCTest.framework in Frameworks */ = {isa = PBXBuildFile; fileRef = F12F490E19332EA5003631C5 /* XCTest.framework */; };
		F12F491019332EA5003631C5 /* Foundation.framework in Frameworks */ = {isa = PBXBuildFile; fileRef = F12F48EF19332EA4003631C5 /* Foundation.framework */; };
		F12F491119332EA5003631C5 /* UIKit.framework in Frameworks */ = {isa = PBXBuildFile; fileRef = F12F48F319332EA4003631C5 /* UIKit.framework */; };
		F12F491919332EA5003631C5 /* InfoPlist.strings in Resources */ = {isa = PBXBuildFile; fileRef = F12F491719332EA5003631C5 /* InfoPlist.strings */; };
		F12F491B19332EA5003631C5 /* XbICalendarTests.m in Sources */ = {isa = PBXBuildFile; fileRef = F12F491A19332EA5003631C5 /* XbICalendarTests.m */; };
		F12F4928193338CB003631C5 /* XbICFile.m in Sources */ = {isa = PBXBuildFile; fileRef = F12F4927193338CB003631C5 /* XbICFile.m */; };
		F12F492B19333E35003631C5 /* 2445.ics in Resources */ = {isa = PBXBuildFile; fileRef = F12F492A19333E35003631C5 /* 2445.ics */; };
		F12F493219345C4F003631C5 /* libical.a in Frameworks */ = {isa = PBXBuildFile; fileRef = F12F493119345C4F003631C5 /* libical.a */; };
		F12F493319345F19003631C5 /* libical.a in Frameworks */ = {isa = PBXBuildFile; fileRef = F12F493119345C4F003631C5 /* libical.a */; };
		F12F493519346287003631C5 /* invite.ics in Resources */ = {isa = PBXBuildFile; fileRef = F12F493419346287003631C5 /* invite.ics */; };
		F12F4E3C19346826003631C5 /* zoneinfo in Resources */ = {isa = PBXBuildFile; fileRef = F12F4E3B19346826003631C5 /* zoneinfo */; };
		F12F4E3D19346826003631C5 /* zoneinfo in Resources */ = {isa = PBXBuildFile; fileRef = F12F4E3B19346826003631C5 /* zoneinfo */; };
		F12F4E4119346A41003631C5 /* XbICComponent.m in Sources */ = {isa = PBXBuildFile; fileRef = F12F4E4019346A41003631C5 /* XbICComponent.m */; };
		F12F4E4219346A41003631C5 /* XbICComponent.m in Sources */ = {isa = PBXBuildFile; fileRef = F12F4E4019346A41003631C5 /* XbICComponent.m */; };
		F12F4E4519346AB6003631C5 /* XbICProperty.m in Sources */ = {isa = PBXBuildFile; fileRef = F12F4E4419346AB6003631C5 /* XbICProperty.m */; };
		F12F4E4619346AB6003631C5 /* XbICProperty.m in Sources */ = {isa = PBXBuildFile; fileRef = F12F4E4419346AB6003631C5 /* XbICProperty.m */; };
		F12F4E491935B259003631C5 /* XbICVCalendar.m in Sources */ = {isa = PBXBuildFile; fileRef = F12F4E481935B259003631C5 /* XbICVCalendar.m */; };
		F12F4E4A1935B259003631C5 /* XbICVCalendar.m in Sources */ = {isa = PBXBuildFile; fileRef = F12F4E481935B259003631C5 /* XbICVCalendar.m */; };
		F12F4E4D1935CF03003631C5 /* XbICVEvent.m in Sources */ = {isa = PBXBuildFile; fileRef = F12F4E4C1935CF03003631C5 /* XbICVEvent.m */; };
		F12F4E4E1935CF03003631C5 /* XbICVEvent.m in Sources */ = {isa = PBXBuildFile; fileRef = F12F4E4C1935CF03003631C5 /* XbICVEvent.m */; };
/* End PBXBuildFile section */

/* Begin PBXContainerItemProxy section */
		F12F491219332EA5003631C5 /* PBXContainerItemProxy */ = {
			isa = PBXContainerItemProxy;
			containerPortal = F12F48E419332EA4003631C5 /* Project object */;
			proxyType = 1;
			remoteGlobalIDString = F12F48EB19332EA4003631C5;
			remoteInfo = XbICalendar;
		};
/* End PBXContainerItemProxy section */

/* Begin PBXFileReference section */
		F12F48EC19332EA4003631C5 /* XbICalendar.app */ = {isa = PBXFileReference; explicitFileType = wrapper.application; includeInIndex = 0; path = XbICalendar.app; sourceTree = BUILT_PRODUCTS_DIR; };
		F12F48EF19332EA4003631C5 /* Foundation.framework */ = {isa = PBXFileReference; lastKnownFileType = wrapper.framework; name = Foundation.framework; path = System/Library/Frameworks/Foundation.framework; sourceTree = SDKROOT; };
		F12F48F119332EA4003631C5 /* CoreGraphics.framework */ = {isa = PBXFileReference; lastKnownFileType = wrapper.framework; name = CoreGraphics.framework; path = System/Library/Frameworks/CoreGraphics.framework; sourceTree = SDKROOT; };
		F12F48F319332EA4003631C5 /* UIKit.framework */ = {isa = PBXFileReference; lastKnownFileType = wrapper.framework; name = UIKit.framework; path = System/Library/Frameworks/UIKit.framework; sourceTree = SDKROOT; };
		F12F48F719332EA4003631C5 /* XbICalendar-Info.plist */ = {isa = PBXFileReference; lastKnownFileType = text.plist.xml; path = "XbICalendar-Info.plist"; sourceTree = "<group>"; };
		F12F48F919332EA4003631C5 /* en */ = {isa = PBXFileReference; lastKnownFileType = text.plist.strings; name = en; path = en.lproj/InfoPlist.strings; sourceTree = "<group>"; };
		F12F48FB19332EA4003631C5 /* main.m */ = {isa = PBXFileReference; lastKnownFileType = sourcecode.c.objc; path = main.m; sourceTree = "<group>"; };
		F12F48FD19332EA4003631C5 /* XbICalendar-Prefix.pch */ = {isa = PBXFileReference; lastKnownFileType = sourcecode.c.h; path = "XbICalendar-Prefix.pch"; sourceTree = "<group>"; };
		F12F48FE19332EA4003631C5 /* XbICAppDelegate.h */ = {isa = PBXFileReference; lastKnownFileType = sourcecode.c.h; path = XbICAppDelegate.h; sourceTree = "<group>"; };
		F12F48FF19332EA4003631C5 /* XbICAppDelegate.m */ = {isa = PBXFileReference; lastKnownFileType = sourcecode.c.objc; path = XbICAppDelegate.m; sourceTree = "<group>"; };
		F12F490219332EA4003631C5 /* Base */ = {isa = PBXFileReference; lastKnownFileType = file.storyboard; name = Base; path = Base.lproj/Main.storyboard; sourceTree = "<group>"; };
		F12F490419332EA4003631C5 /* XbICViewController.h */ = {isa = PBXFileReference; lastKnownFileType = sourcecode.c.h; path = XbICViewController.h; sourceTree = "<group>"; };
		F12F490519332EA4003631C5 /* XbICViewController.m */ = {isa = PBXFileReference; lastKnownFileType = sourcecode.c.objc; path = XbICViewController.m; sourceTree = "<group>"; };
		F12F490719332EA4003631C5 /* Images.xcassets */ = {isa = PBXFileReference; lastKnownFileType = folder.assetcatalog; path = Images.xcassets; sourceTree = "<group>"; };
		F12F490D19332EA5003631C5 /* XbICalendarTests.xctest */ = {isa = PBXFileReference; explicitFileType = wrapper.cfbundle; includeInIndex = 0; path = XbICalendarTests.xctest; sourceTree = BUILT_PRODUCTS_DIR; };
		F12F490E19332EA5003631C5 /* XCTest.framework */ = {isa = PBXFileReference; lastKnownFileType = wrapper.framework; name = XCTest.framework; path = Library/Frameworks/XCTest.framework; sourceTree = DEVELOPER_DIR; };
		F12F491619332EA5003631C5 /* XbICalendarTests-Info.plist */ = {isa = PBXFileReference; lastKnownFileType = text.plist.xml; path = "XbICalendarTests-Info.plist"; sourceTree = "<group>"; };
		F12F491819332EA5003631C5 /* en */ = {isa = PBXFileReference; lastKnownFileType = text.plist.strings; name = en; path = en.lproj/InfoPlist.strings; sourceTree = "<group>"; };
		F12F491A19332EA5003631C5 /* XbICalendarTests.m */ = {isa = PBXFileReference; lastKnownFileType = sourcecode.c.objc; path = XbICalendarTests.m; sourceTree = "<group>"; };
		F12F492519333899003631C5 /* XBICalendar.h */ = {isa = PBXFileReference; lastKnownFileType = sourcecode.c.h; path = XBICalendar.h; sourceTree = "<group>"; };
		F12F4926193338CB003631C5 /* XbICFile.h */ = {isa = PBXFileReference; fileEncoding = 4; lastKnownFileType = sourcecode.c.h; path = XbICFile.h; sourceTree = "<group>"; };
		F12F4927193338CB003631C5 /* XbICFile.m */ = {isa = PBXFileReference; fileEncoding = 4; lastKnownFileType = sourcecode.c.objc; path = XbICFile.m; sourceTree = "<group>"; };
		F12F492A19333E35003631C5 /* 2445.ics */ = {isa = PBXFileReference; fileEncoding = 4; lastKnownFileType = text; path = 2445.ics; sourceTree = "<group>"; };
		F12F492C19345BB2003631C5 /* ical.h */ = {isa = PBXFileReference; fileEncoding = 4; lastKnownFileType = sourcecode.c.h; path = ical.h; sourceTree = "<group>"; };
		F12F493119345C4F003631C5 /* libical.a */ = {isa = PBXFileReference; lastKnownFileType = archive.ar; path = libical.a; sourceTree = "<group>"; };
		F12F493419346287003631C5 /* invite.ics */ = {isa = PBXFileReference; fileEncoding = 4; lastKnownFileType = text; path = invite.ics; sourceTree = "<group>"; };
		F12F4E3B19346826003631C5 /* zoneinfo */ = {isa = PBXFileReference; lastKnownFileType = folder; path = zoneinfo; sourceTree = "<group>"; };
		F12F4E3F19346A41003631C5 /* XbICComponent.h */ = {isa = PBXFileReference; fileEncoding = 4; lastKnownFileType = sourcecode.c.h; path = XbICComponent.h; sourceTree = "<group>"; };
		F12F4E4019346A41003631C5 /* XbICComponent.m */ = {isa = PBXFileReference; fileEncoding = 4; lastKnownFileType = sourcecode.c.objc; path = XbICComponent.m; sourceTree = "<group>"; };
		F12F4E4319346AB6003631C5 /* XbICProperty.h */ = {isa = PBXFileReference; fileEncoding = 4; lastKnownFileType = sourcecode.c.h; path = XbICProperty.h; sourceTree = "<group>"; };
		F12F4E4419346AB6003631C5 /* XbICProperty.m */ = {isa = PBXFileReference; fileEncoding = 4; lastKnownFileType = sourcecode.c.objc; path = XbICProperty.m; sourceTree = "<group>"; };
		F12F4E471935B259003631C5 /* XbICVCalendar.h */ = {isa = PBXFileReference; fileEncoding = 4; lastKnownFileType = sourcecode.c.h; path = XbICVCalendar.h; sourceTree = "<group>"; };
		F12F4E481935B259003631C5 /* XbICVCalendar.m */ = {isa = PBXFileReference; fileEncoding = 4; lastKnownFileType = sourcecode.c.objc; path = XbICVCalendar.m; sourceTree = "<group>"; };
		F12F4E4B1935CF03003631C5 /* XbICVEvent.h */ = {isa = PBXFileReference; fileEncoding = 4; lastKnownFileType = sourcecode.c.h; path = XbICVEvent.h; sourceTree = "<group>"; };
		F12F4E4C1935CF03003631C5 /* XbICVEvent.m */ = {isa = PBXFileReference; fileEncoding = 4; lastKnownFileType = sourcecode.c.objc; path = XbICVEvent.m; sourceTree = "<group>"; };
/* End PBXFileReference section */

/* Begin PBXFrameworksBuildPhase section */
		F12F48E919332EA4003631C5 /* Frameworks */ = {
			isa = PBXFrameworksBuildPhase;
			buildActionMask = 2147483647;
			files = (
				F12F493319345F19003631C5 /* libical.a in Frameworks */,
				F12F48F219332EA4003631C5 /* CoreGraphics.framework in Frameworks */,
				F12F48F419332EA4003631C5 /* UIKit.framework in Frameworks */,
				F12F48F019332EA4003631C5 /* Foundation.framework in Frameworks */,
			);
			runOnlyForDeploymentPostprocessing = 0;
		};
		F12F490A19332EA4003631C5 /* Frameworks */ = {
			isa = PBXFrameworksBuildPhase;
			buildActionMask = 2147483647;
			files = (
				F12F493219345C4F003631C5 /* libical.a in Frameworks */,
				F12F490F19332EA5003631C5 /* XCTest.framework in Frameworks */,
				F12F491119332EA5003631C5 /* UIKit.framework in Frameworks */,
				F12F491019332EA5003631C5 /* Foundation.framework in Frameworks */,
			);
			runOnlyForDeploymentPostprocessing = 0;
		};
/* End PBXFrameworksBuildPhase section */

/* Begin PBXGroup section */
		F12F48E319332EA4003631C5 = {
			isa = PBXGroup;
			children = (
				F12F492D19345BC4003631C5 /* libical */,
				F12F49241933385D003631C5 /* XbICalendar */,
				F12F48F519332EA4003631C5 /* XbICalendarExample */,
				F12F491419332EA5003631C5 /* XbICalendarTests */,
				F12F48EE19332EA4003631C5 /* Frameworks */,
				F12F48ED19332EA4003631C5 /* Products */,
			);
			sourceTree = "<group>";
		};
		F12F48ED19332EA4003631C5 /* Products */ = {
			isa = PBXGroup;
			children = (
				F12F48EC19332EA4003631C5 /* XbICalendar.app */,
				F12F490D19332EA5003631C5 /* XbICalendarTests.xctest */,
			);
			name = Products;
			sourceTree = "<group>";
		};
		F12F48EE19332EA4003631C5 /* Frameworks */ = {
			isa = PBXGroup;
			children = (
				F12F48EF19332EA4003631C5 /* Foundation.framework */,
				F12F48F119332EA4003631C5 /* CoreGraphics.framework */,
				F12F48F319332EA4003631C5 /* UIKit.framework */,
				F12F490E19332EA5003631C5 /* XCTest.framework */,
			);
			name = Frameworks;
			sourceTree = "<group>";
		};
		F12F48F519332EA4003631C5 /* XbICalendarExample */ = {
			isa = PBXGroup;
			children = (
				F12F48FE19332EA4003631C5 /* XbICAppDelegate.h */,
				F12F48FF19332EA4003631C5 /* XbICAppDelegate.m */,
				F12F490119332EA4003631C5 /* Main.storyboard */,
				F12F490419332EA4003631C5 /* XbICViewController.h */,
				F12F490519332EA4003631C5 /* XbICViewController.m */,
				F12F490719332EA4003631C5 /* Images.xcassets */,
				F12F48F619332EA4003631C5 /* Supporting Files */,
			);
			path = XbICalendarExample;
			sourceTree = "<group>";
		};
		F12F48F619332EA4003631C5 /* Supporting Files */ = {
			isa = PBXGroup;
			children = (
				F12F48F719332EA4003631C5 /* XbICalendar-Info.plist */,
				F12F48F819332EA4003631C5 /* InfoPlist.strings */,
				F12F48FB19332EA4003631C5 /* main.m */,
				F12F48FD19332EA4003631C5 /* XbICalendar-Prefix.pch */,
			);
			name = "Supporting Files";
			sourceTree = "<group>";
		};
		F12F491419332EA5003631C5 /* XbICalendarTests */ = {
			isa = PBXGroup;
			children = (
				F12F492919333E1A003631C5 /* TestData */,
				F12F491A19332EA5003631C5 /* XbICalendarTests.m */,
				F12F491519332EA5003631C5 /* Supporting Files */,
			);
			path = XbICalendarTests;
			sourceTree = "<group>";
		};
		F12F491519332EA5003631C5 /* Supporting Files */ = {
			isa = PBXGroup;
			children = (
				F12F491619332EA5003631C5 /* XbICalendarTests-Info.plist */,
				F12F491719332EA5003631C5 /* InfoPlist.strings */,
			);
			name = "Supporting Files";
			sourceTree = "<group>";
		};
		F12F49241933385D003631C5 /* XbICalendar */ = {
			isa = PBXGroup;
			children = (
				F12F492519333899003631C5 /* XBICalendar.h */,
				F12F4926193338CB003631C5 /* XbICFile.h */,
				F12F4927193338CB003631C5 /* XbICFile.m */,
				F12F4E3F19346A41003631C5 /* XbICComponent.h */,
				F12F4E4019346A41003631C5 /* XbICComponent.m */,
				F12F4E4319346AB6003631C5 /* XbICProperty.h */,
				F12F4E4419346AB6003631C5 /* XbICProperty.m */,
				F12F4E471935B259003631C5 /* XbICVCalendar.h */,
				F12F4E481935B259003631C5 /* XbICVCalendar.m */,
				F12F4E4B1935CF03003631C5 /* XbICVEvent.h */,
				F12F4E4C1935CF03003631C5 /* XbICVEvent.m */,
			);
			name = XbICalendar;
			path = XBICalendar;
			sourceTree = "<group>";
		};
		F12F492919333E1A003631C5 /* TestData */ = {
			isa = PBXGroup;
			children = (
				F12F493419346287003631C5 /* invite.ics */,
				F12F492A19333E35003631C5 /* 2445.ics */,
			);
			path = TestData;
			sourceTree = "<group>";
		};
		F12F492D19345BC4003631C5 /* libical */ = {
			isa = PBXGroup;
			children = (
				F12F4E3B19346826003631C5 /* zoneinfo */,
				F12F493019345C4F003631C5 /* lib */,
				F12F492E19345BD9003631C5 /* src */,
			);
			name = libical;
			path = ../libical;
			sourceTree = "<group>";
		};
		F12F492E19345BD9003631C5 /* src */ = {
			isa = PBXGroup;
			children = (
				F12F492F19345BF7003631C5 /* include */,
			);
			path = src;
			sourceTree = "<group>";
		};
		F12F492F19345BF7003631C5 /* include */ = {
			isa = PBXGroup;
			children = (
				F12F492C19345BB2003631C5 /* ical.h */,
			);
			path = include;
			sourceTree = "<group>";
		};
		F12F493019345C4F003631C5 /* lib */ = {
			isa = PBXGroup;
			children = (
				F12F493119345C4F003631C5 /* libical.a */,
			);
			path = lib;
			sourceTree = "<group>";
		};
/* End PBXGroup section */

/* Begin PBXNativeTarget section */
		F12F48EB19332EA4003631C5 /* XbICalendar */ = {
			isa = PBXNativeTarget;
			buildConfigurationList = F12F491E19332EA5003631C5 /* Build configuration list for PBXNativeTarget "XbICalendar" */;
			buildPhases = (
				F12F48E819332EA4003631C5 /* Sources */,
				F12F48E919332EA4003631C5 /* Frameworks */,
				F12F48EA19332EA4003631C5 /* Resources */,
			);
			buildRules = (
			);
			dependencies = (
			);
			name = XbICalendar;
			productName = XbICalendar;
			productReference = F12F48EC19332EA4003631C5 /* XbICalendar.app */;
			productType = "com.apple.product-type.application";
		};
		F12F490C19332EA4003631C5 /* XbICalendarTests */ = {
			isa = PBXNativeTarget;
			buildConfigurationList = F12F492119332EA5003631C5 /* Build configuration list for PBXNativeTarget "XbICalendarTests" */;
			buildPhases = (
				F12F490919332EA4003631C5 /* Sources */,
				F12F490A19332EA4003631C5 /* Frameworks */,
				F12F490B19332EA4003631C5 /* Resources */,
			);
			buildRules = (
			);
			dependencies = (
				F12F491319332EA5003631C5 /* PBXTargetDependency */,
			);
			name = XbICalendarTests;
			productName = XbICalendarTests;
			productReference = F12F490D19332EA5003631C5 /* XbICalendarTests.xctest */;
			productType = "com.apple.product-type.bundle.unit-test";
		};
/* End PBXNativeTarget section */

/* Begin PBXProject section */
		F12F48E419332EA4003631C5 /* Project object */ = {
			isa = PBXProject;
			attributes = {
				CLASSPREFIX = XbIC;
				LastUpgradeCheck = 0510;
				ORGANIZATIONNAME = GaltSoft;
				TargetAttributes = {
					F12F490C19332EA4003631C5 = {
						TestTargetID = F12F48EB19332EA4003631C5;
					};
				};
			};
			buildConfigurationList = F12F48E719332EA4003631C5 /* Build configuration list for PBXProject "XbICalendar" */;
			compatibilityVersion = "Xcode 3.2";
			developmentRegion = English;
			hasScannedForEncodings = 0;
			knownRegions = (
				en,
				Base,
			);
			mainGroup = F12F48E319332EA4003631C5;
			productRefGroup = F12F48ED19332EA4003631C5 /* Products */;
			projectDirPath = "";
			projectRoot = "";
			targets = (
				F12F48EB19332EA4003631C5 /* XbICalendar */,
				F12F490C19332EA4003631C5 /* XbICalendarTests */,
			);
		};
/* End PBXProject section */

/* Begin PBXResourcesBuildPhase section */
		F12F48EA19332EA4003631C5 /* Resources */ = {
			isa = PBXResourcesBuildPhase;
			buildActionMask = 2147483647;
			files = (
				F12F4E3C19346826003631C5 /* zoneinfo in Resources */,
				F12F490819332EA4003631C5 /* Images.xcassets in Resources */,
				F12F48FA19332EA4003631C5 /* InfoPlist.strings in Resources */,
				F12F490319332EA4003631C5 /* Main.storyboard in Resources */,
			);
			runOnlyForDeploymentPostprocessing = 0;
		};
		F12F490B19332EA4003631C5 /* Resources */ = {
			isa = PBXResourcesBuildPhase;
			buildActionMask = 2147483647;
			files = (
				F12F4E3D19346826003631C5 /* zoneinfo in Resources */,
				F12F492B19333E35003631C5 /* 2445.ics in Resources */,
				F12F491919332EA5003631C5 /* InfoPlist.strings in Resources */,
				F12F493519346287003631C5 /* invite.ics in Resources */,
			);
			runOnlyForDeploymentPostprocessing = 0;
		};
/* End PBXResourcesBuildPhase section */

/* Begin PBXSourcesBuildPhase section */
		F12F48E819332EA4003631C5 /* Sources */ = {
			isa = PBXSourcesBuildPhase;
			buildActionMask = 2147483647;
			files = (
				F12F4E4119346A41003631C5 /* XbICComponent.m in Sources */,
				F12F490019332EA4003631C5 /* XbICAppDelegate.m in Sources */,
				F12F48FC19332EA4003631C5 /* main.m in Sources */,
				F12F490619332EA4003631C5 /* XbICViewController.m in Sources */,
				F12F4E4519346AB6003631C5 /* XbICProperty.m in Sources */,
				F12F4E4D1935CF03003631C5 /* XbICVEvent.m in Sources */,
				F12F4928193338CB003631C5 /* XbICFile.m in Sources */,
				F12F4E491935B259003631C5 /* XbICVCalendar.m in Sources */,
			);
			runOnlyForDeploymentPostprocessing = 0;
		};
		F12F490919332EA4003631C5 /* Sources */ = {
			isa = PBXSourcesBuildPhase;
			buildActionMask = 2147483647;
			files = (
				F12F4E4E1935CF03003631C5 /* XbICVEvent.m in Sources */,
				F12F4E4A1935B259003631C5 /* XbICVCalendar.m in Sources */,
				F12F491B19332EA5003631C5 /* XbICalendarTests.m in Sources */,
				F12F4E4619346AB6003631C5 /* XbICProperty.m in Sources */,
				F12F4E4219346A41003631C5 /* XbICComponent.m in Sources */,
			);
			runOnlyForDeploymentPostprocessing = 0;
		};
/* End PBXSourcesBuildPhase section */

/* Begin PBXTargetDependency section */
		F12F491319332EA5003631C5 /* PBXTargetDependency */ = {
			isa = PBXTargetDependency;
			target = F12F48EB19332EA4003631C5 /* XbICalendar */;
			targetProxy = F12F491219332EA5003631C5 /* PBXContainerItemProxy */;
		};
/* End PBXTargetDependency section */

/* Begin PBXVariantGroup section */
		F12F48F819332EA4003631C5 /* InfoPlist.strings */ = {
			isa = PBXVariantGroup;
			children = (
				F12F48F919332EA4003631C5 /* en */,
			);
			name = InfoPlist.strings;
			sourceTree = "<group>";
		};
		F12F490119332EA4003631C5 /* Main.storyboard */ = {
			isa = PBXVariantGroup;
			children = (
				F12F490219332EA4003631C5 /* Base */,
			);
			name = Main.storyboard;
			sourceTree = "<group>";
		};
		F12F491719332EA5003631C5 /* InfoPlist.strings */ = {
			isa = PBXVariantGroup;
			children = (
				F12F491819332EA5003631C5 /* en */,
			);
			name = InfoPlist.strings;
			sourceTree = "<group>";
		};
/* End PBXVariantGroup section */

/* Begin XCBuildConfiguration section */
		F12F491C19332EA5003631C5 /* Debug */ = {
			isa = XCBuildConfiguration;
			buildSettings = {
				ALWAYS_SEARCH_USER_PATHS = NO;
				CLANG_CXX_LANGUAGE_STANDARD = "gnu++0x";
				CLANG_CXX_LIBRARY = "libc++";
				CLANG_ENABLE_MODULES = YES;
				CLANG_ENABLE_OBJC_ARC = YES;
				CLANG_WARN_BOOL_CONVERSION = YES;
				CLANG_WARN_CONSTANT_CONVERSION = YES;
				CLANG_WARN_DIRECT_OBJC_ISA_USAGE = YES_ERROR;
				CLANG_WARN_EMPTY_BODY = YES;
				CLANG_WARN_ENUM_CONVERSION = YES;
				CLANG_WARN_INT_CONVERSION = YES;
				CLANG_WARN_OBJC_ROOT_CLASS = YES_ERROR;
				CLANG_WARN__DUPLICATE_METHOD_MATCH = YES;
				"CODE_SIGN_IDENTITY[sdk=iphoneos*]" = "iPhone Developer";
				COPY_PHASE_STRIP = NO;
				GCC_C_LANGUAGE_STANDARD = gnu99;
				GCC_DYNAMIC_NO_PIC = NO;
				GCC_OPTIMIZATION_LEVEL = 0;
				GCC_PREPROCESSOR_DEFINITIONS = (
					"DEBUG=1",
					"$(inherited)",
				);
				GCC_SYMBOLS_PRIVATE_EXTERN = NO;
				GCC_WARN_64_TO_32_BIT_CONVERSION = YES;
				GCC_WARN_ABOUT_RETURN_TYPE = YES_ERROR;
				GCC_WARN_UNDECLARED_SELECTOR = YES;
				GCC_WARN_UNINITIALIZED_AUTOS = YES_AGGRESSIVE;
				GCC_WARN_UNUSED_FUNCTION = YES;
				GCC_WARN_UNUSED_VARIABLE = YES;
				IPHONEOS_DEPLOYMENT_TARGET = 7.1;
				ONLY_ACTIVE_ARCH = YES;
				SDKROOT = iphoneos;
			};
			name = Debug;
		};
		F12F491D19332EA5003631C5 /* Release */ = {
			isa = XCBuildConfiguration;
			buildSettings = {
				ALWAYS_SEARCH_USER_PATHS = NO;
				CLANG_CXX_LANGUAGE_STANDARD = "gnu++0x";
				CLANG_CXX_LIBRARY = "libc++";
				CLANG_ENABLE_MODULES = YES;
				CLANG_ENABLE_OBJC_ARC = YES;
				CLANG_WARN_BOOL_CONVERSION = YES;
				CLANG_WARN_CONSTANT_CONVERSION = YES;
				CLANG_WARN_DIRECT_OBJC_ISA_USAGE = YES_ERROR;
				CLANG_WARN_EMPTY_BODY = YES;
				CLANG_WARN_ENUM_CONVERSION = YES;
				CLANG_WARN_INT_CONVERSION = YES;
				CLANG_WARN_OBJC_ROOT_CLASS = YES_ERROR;
				CLANG_WARN__DUPLICATE_METHOD_MATCH = YES;
				"CODE_SIGN_IDENTITY[sdk=iphoneos*]" = "iPhone Developer";
				COPY_PHASE_STRIP = YES;
				ENABLE_NS_ASSERTIONS = NO;
				GCC_C_LANGUAGE_STANDARD = gnu99;
				GCC_WARN_64_TO_32_BIT_CONVERSION = YES;
				GCC_WARN_ABOUT_RETURN_TYPE = YES_ERROR;
				GCC_WARN_UNDECLARED_SELECTOR = YES;
				GCC_WARN_UNINITIALIZED_AUTOS = YES_AGGRESSIVE;
				GCC_WARN_UNUSED_FUNCTION = YES;
				GCC_WARN_UNUSED_VARIABLE = YES;
				IPHONEOS_DEPLOYMENT_TARGET = 7.1;
				SDKROOT = iphoneos;
				VALIDATE_PRODUCT = YES;
			};
			name = Release;
		};
		F12F491F19332EA5003631C5 /* Debug */ = {
			isa = XCBuildConfiguration;
			buildSettings = {
				ASSETCATALOG_COMPILER_APPICON_NAME = AppIcon;
				ASSETCATALOG_COMPILER_LAUNCHIMAGE_NAME = LaunchImage;
				GCC_PRECOMPILE_PREFIX_HEADER = YES;
				GCC_PREFIX_HEADER = "XbICalendarExample/XbICalendar-Prefix.pch";
				INFOPLIST_FILE = "$(SRCROOT)/XbICalendarExample/XbICalendar-Info.plist";
				IPHONEOS_DEPLOYMENT_TARGET = 6.1;
				LIBRARY_SEARCH_PATHS = (
					"$(inherited)",
					/Users/ahalls/Work/github/XbICalendar/libical/lib,
				);
				PRODUCT_NAME = "$(TARGET_NAME)";
				WRAPPER_EXTENSION = app;
			};
			name = Debug;
		};
		F12F492019332EA5003631C5 /* Release */ = {
			isa = XCBuildConfiguration;
			buildSettings = {
				ASSETCATALOG_COMPILER_APPICON_NAME = AppIcon;
				ASSETCATALOG_COMPILER_LAUNCHIMAGE_NAME = LaunchImage;
				GCC_PRECOMPILE_PREFIX_HEADER = YES;
				GCC_PREFIX_HEADER = "XbICalendarExample/XbICalendar-Prefix.pch";
				INFOPLIST_FILE = "$(SRCROOT)/XbICalendarExample/XbICalendar-Info.plist";
				IPHONEOS_DEPLOYMENT_TARGET = 6.1;
				LIBRARY_SEARCH_PATHS = (
					"$(inherited)",
					/Users/ahalls/Work/github/XbICalendar/libical/lib,
				);
				PRODUCT_NAME = "$(TARGET_NAME)";
				WRAPPER_EXTENSION = app;
			};
			name = Release;
		};
		F12F492219332EA5003631C5 /* Debug */ = {
			isa = XCBuildConfiguration;
			buildSettings = {
				BUNDLE_LOADER = "$(BUILT_PRODUCTS_DIR)/XbICalendar.app/XbICalendar";
				FRAMEWORK_SEARCH_PATHS = (
					"$(SDKROOT)/Developer/Library/Frameworks",
					"$(inherited)",
					"$(DEVELOPER_FRAMEWORKS_DIR)",
				);
				GCC_PRECOMPILE_PREFIX_HEADER = YES;
				GCC_PREFIX_HEADER = "XbICalendarExample/XbICalendar-Prefix.pch";
				GCC_PREPROCESSOR_DEFINITIONS = (
					"DEBUG=1",
					"$(inherited)",
				);
				INFOPLIST_FILE = "XbICalendarTests/XbICalendarTests-Info.plist";
				LIBRARY_SEARCH_PATHS = (
					"$(inherited)",
					/Users/ahalls/Work/github/XbICalendar/libical/lib,
				);
				PRODUCT_NAME = "$(TARGET_NAME)";
				TEST_HOST = "$(BUNDLE_LOADER)";
				WRAPPER_EXTENSION = xctest;
			};
			name = Debug;
		};
		F12F492319332EA5003631C5 /* Release */ = {
			isa = XCBuildConfiguration;
			buildSettings = {
				BUNDLE_LOADER = "$(BUILT_PRODUCTS_DIR)/XbICalendar.app/XbICalendar";
				FRAMEWORK_SEARCH_PATHS = (
					"$(SDKROOT)/Developer/Library/Frameworks",
					"$(inherited)",
					"$(DEVELOPER_FRAMEWORKS_DIR)",
				);
				GCC_PRECOMPILE_PREFIX_HEADER = YES;
				GCC_PREFIX_HEADER = "XbICalendarExample/XbICalendar-Prefix.pch";
				INFOPLIST_FILE = "XbICalendarTests/XbICalendarTests-Info.plist";
				LIBRARY_SEARCH_PATHS = (
					"$(inherited)",
					/Users/ahalls/Work/github/XbICalendar/libical/lib,
				);
				PRODUCT_NAME = "$(TARGET_NAME)";
				TEST_HOST = "$(BUNDLE_LOADER)";
				WRAPPER_EXTENSION = xctest;
			};
			name = Release;
		};
/* End XCBuildConfiguration section */

/* Begin XCConfigurationList section */
		F12F48E719332EA4003631C5 /* Build configuration list for PBXProject "XbICalendar" */ = {
			isa = XCConfigurationList;
			buildConfigurations = (
				F12F491C19332EA5003631C5 /* Debug */,
				F12F491D19332EA5003631C5 /* Release */,
			);
			defaultConfigurationIsVisible = 0;
			defaultConfigurationName = Release;
		};
		F12F491E19332EA5003631C5 /* Build configuration list for PBXNativeTarget "XbICalendar" */ = {
			isa = XCConfigurationList;
			buildConfigurations = (
				F12F491F19332EA5003631C5 /* Debug */,
				F12F492019332EA5003631C5 /* Release */,
			);
			defaultConfigurationIsVisible = 0;
		};
		F12F492119332EA5003631C5 /* Build configuration list for PBXNativeTarget "XbICalendarTests" */ = {
			isa = XCConfigurationList;
			buildConfigurations = (
				F12F492219332EA5003631C5 /* Debug */,
				F12F492319332EA5003631C5 /* Release */,
			);
			defaultConfigurationIsVisible = 0;
		};
/* End XCConfigurationList section */
	};
	rootObject = F12F48E419332EA4003631C5 /* Project object */;
}
