// !$*UTF8*$!
{
	archiveVersion = 1;
	classes = {
	};
	objectVersion = 46;
	objects = {

/* Begin PBXBuildFile section */
		4D0767EC197ADF440017ED72 /* overlaps.ics in Resources */ = {isa = PBXBuildFile; fileRef = 4D0767EB197ADF440017ED72 /* overlaps.ics */; };
		4D0767EE197ADF5C0017ED72 /* XbICalendarOverlapTests.m in Sources */ = {isa = PBXBuildFile; fileRef = 4D0767ED197ADF5C0017ED72 /* XbICalendarOverlapTests.m */; };
		4D0767F0197AE41A0017ED72 /* process-calendar.ics in Resources */ = {isa = PBXBuildFile; fileRef = 4D0767EF197AE41A0017ED72 /* process-calendar.ics */; };
		4D0767F2197AE4470017ED72 /* XbICalendarProcessCalendarTests.m in Sources */ = {isa = PBXBuildFile; fileRef = 4D0767F1197AE4470017ED72 /* XbICalendarProcessCalendarTests.m */; };
		4D0767F4197AFE200017ED72 /* process-incoming.ics in Resources */ = {isa = PBXBuildFile; fileRef = 4D0767F3197AFE200017ED72 /* process-incoming.ics */; };
		4D0767F6197AFE5F0017ED72 /* XbICalendarProcessIncomingTests.m in Sources */ = {isa = PBXBuildFile; fileRef = 4D0767F5197AFE5F0017ED72 /* XbICalendarProcessIncomingTests.m */; };
		4DA795251979F12E0033A008 /* large.ics in Resources */ = {isa = PBXBuildFile; fileRef = 4DA795241979F12E0033A008 /* large.ics */; };
		4DA795271979F1460033A008 /* XbICalendarLargeTests.m in Sources */ = {isa = PBXBuildFile; fileRef = 4DA795261979F1460033A008 /* XbICalendarLargeTests.m */; };
		4DAE352B19720D050097A2D6 /* 2446.ics in Resources */ = {isa = PBXBuildFile; fileRef = 4DAE352A19720D050097A2D6 /* 2446.ics */; };
		4DAE352E19721C9C0097A2D6 /* XbICalendarIcsTest.m in Sources */ = {isa = PBXBuildFile; fileRef = 4DAE352D19721C9C0097A2D6 /* XbICalendarIcsTest.m */; };
		4DAE3530197221770097A2D6 /* XbICalendar2446Tests.m in Sources */ = {isa = PBXBuildFile; fileRef = 4DAE352F197221770097A2D6 /* XbICalendar2446Tests.m */; };
		4DAE3532197370380097A2D6 /* calendar.ics in Resources */ = {isa = PBXBuildFile; fileRef = 4DAE3531197370380097A2D6 /* calendar.ics */; };
		4DAE3534197370580097A2D6 /* XbICalendarCalendarTests.m in Sources */ = {isa = PBXBuildFile; fileRef = 4DAE3533197370580097A2D6 /* XbICalendarCalendarTests.m */; };
		4DAE3536197379190097A2D6 /* classify.ics in Resources */ = {isa = PBXBuildFile; fileRef = 4DAE3535197379190097A2D6 /* classify.ics */; };
		4DAE3538197379920097A2D6 /* XbICalendarClassifyTests.m in Sources */ = {isa = PBXBuildFile; fileRef = 4DAE3537197379920097A2D6 /* XbICalendarClassifyTests.m */; };
		4DAE353A19737C660097A2D6 /* incoming.ics in Resources */ = {isa = PBXBuildFile; fileRef = 4DAE353919737C660097A2D6 /* incoming.ics */; };
		4DAE353C19737D1D0097A2D6 /* XbICalendarIncomingTests.m in Sources */ = {isa = PBXBuildFile; fileRef = 4DAE353B19737D1D0097A2D6 /* XbICalendarIncomingTests.m */; };
		4DC71123197B00B5003D4962 /* restriction.ics in Resources */ = {isa = PBXBuildFile; fileRef = 4DC71122197B00B5003D4962 /* restriction.ics */; };
		4DC71125197B00CA003D4962 /* XbICalendarRestrictionTests.m in Sources */ = {isa = PBXBuildFile; fileRef = 4DC71124197B00CA003D4962 /* XbICalendarRestrictionTests.m */; };
		4DC71129197B32C3003D4962 /* smallcluster.ics in Resources */ = {isa = PBXBuildFile; fileRef = 4DC71126197B32C3003D4962 /* smallcluster.ics */; };
		4DC7112A197B32C3003D4962 /* spanlist.ics in Resources */ = {isa = PBXBuildFile; fileRef = 4DC71127197B32C3003D4962 /* spanlist.ics */; };
		4DC7112B197B32C3003D4962 /* stresstest.ics in Resources */ = {isa = PBXBuildFile; fileRef = 4DC71128197B32C3003D4962 /* stresstest.ics */; };
		4DC7112D197B32DC003D4962 /* XbICalendarSmallClusterTests.m in Sources */ = {isa = PBXBuildFile; fileRef = 4DC7112C197B32DC003D4962 /* XbICalendarSmallClusterTests.m */; };
		4DC7112F197B32EC003D4962 /* XbICalendarSpanListTests.m in Sources */ = {isa = PBXBuildFile; fileRef = 4DC7112E197B32EC003D4962 /* XbICalendarSpanListTests.m */; };
		4DC71131197B32FA003D4962 /* XbICalendarStressTestTests.m in Sources */ = {isa = PBXBuildFile; fileRef = 4DC71130197B32FA003D4962 /* XbICalendarStressTestTests.m */; };
		4DC71133197B3F27003D4962 /* XbICalendarInviteTests.m in Sources */ = {isa = PBXBuildFile; fileRef = 4DC71132197B3F27003D4962 /* XbICalendarInviteTests.m */; };
		4DC71135197B4A6A003D4962 /* XbICalendar2445Tests.m in Sources */ = {isa = PBXBuildFile; fileRef = 4DC71134197B4A6A003D4962 /* XbICalendar2445Tests.m */; };
		945795251B0897B200B60E82 /* XbICFileCreateViewController.m in Sources */ = {isa = PBXBuildFile; fileRef = 945795241B0897B200B60E82 /* XbICFileCreateViewController.m */; };
		946E26E71B0F60FA00418534 /* XbICCreatedFileTableViewController.m in Sources */ = {isa = PBXBuildFile; fileRef = 946E26E61B0F60FA00418534 /* XbICCreatedFileTableViewController.m */; };
		946E26EA1B0F6B5F00418534 /* XbICAddViewController.m in Sources */ = {isa = PBXBuildFile; fileRef = 946E26E91B0F6B5F00418534 /* XbICAddViewController.m */; };
		946E26EC1B0F7B9600418534 /* EventKit.framework in Frameworks */ = {isa = PBXBuildFile; fileRef = 946E26EB1B0F7B9600418534 /* EventKit.framework */; };
		946E26EE1B0F7BA500418534 /* EventKitUI.framework in Frameworks */ = {isa = PBXBuildFile; fileRef = 946E26ED1B0F7BA500418534 /* EventKitUI.framework */; };
		94B0AB131B05A1330057BF2D /* XbICPropertyTest.m in Sources */ = {isa = PBXBuildFile; fileRef = 94B0AB121B05A1330057BF2D /* XbICPropertyTest.m */; };
		F113ED3419863A7B00C37F81 /* 2446.ics in Resources */ = {isa = PBXBuildFile; fileRef = 4DAE352A19720D050097A2D6 /* 2446.ics */; };
		F113ED3519863A7F00C37F81 /* calendar.ics in Resources */ = {isa = PBXBuildFile; fileRef = 4DAE3531197370380097A2D6 /* calendar.ics */; };
		F113ED3619863A8200C37F81 /* classify.ics in Resources */ = {isa = PBXBuildFile; fileRef = 4DAE3535197379190097A2D6 /* classify.ics */; };
		F113ED3719863A8400C37F81 /* incoming.ics in Resources */ = {isa = PBXBuildFile; fileRef = 4DAE353919737C660097A2D6 /* incoming.ics */; };
		F113ED3819863A8900C37F81 /* large.ics in Resources */ = {isa = PBXBuildFile; fileRef = 4DA795241979F12E0033A008 /* large.ics */; };
		F113ED3919863A8C00C37F81 /* overlaps.ics in Resources */ = {isa = PBXBuildFile; fileRef = 4D0767EB197ADF440017ED72 /* overlaps.ics */; };
		F113ED3A19863A8E00C37F81 /* process-calendar.ics in Resources */ = {isa = PBXBuildFile; fileRef = 4D0767EF197AE41A0017ED72 /* process-calendar.ics */; };
		F113ED3B19863A9100C37F81 /* process-incoming.ics in Resources */ = {isa = PBXBuildFile; fileRef = 4D0767F3197AFE200017ED72 /* process-incoming.ics */; };
		F113ED3C19863A9400C37F81 /* restriction.ics in Resources */ = {isa = PBXBuildFile; fileRef = 4DC71122197B00B5003D4962 /* restriction.ics */; };
		F113ED3D19863A9700C37F81 /* smallcluster.ics in Resources */ = {isa = PBXBuildFile; fileRef = 4DC71126197B32C3003D4962 /* smallcluster.ics */; };
		F113ED3E19863A9A00C37F81 /* spanlist.ics in Resources */ = {isa = PBXBuildFile; fileRef = 4DC71127197B32C3003D4962 /* spanlist.ics */; };
		F113ED3F19863A9D00C37F81 /* stresstest.ics in Resources */ = {isa = PBXBuildFile; fileRef = 4DC71128197B32C3003D4962 /* stresstest.ics */; };
		F113ED41198643FD00C37F81 /* XbICalendarInviteWriteTests.m in Sources */ = {isa = PBXBuildFile; fileRef = F113ED40198643FD00C37F81 /* XbICalendarInviteWriteTests.m */; };
		F117D40719DBA6FC002CD9B5 /* XbICalendar2445Tests.swift in Sources */ = {isa = PBXBuildFile; fileRef = F117D40619DBA6FC002CD9B5 /* XbICalendar2445Tests.swift */; };
		F117D40919DBA7F7002CD9B5 /* XbICComponent.m in Sources */ = {isa = PBXBuildFile; fileRef = F12F4E4019346A41003631C5 /* XbICComponent.m */; };
		F117D40A19DBA7F7002CD9B5 /* XbICFile.m in Sources */ = {isa = PBXBuildFile; fileRef = F12F4927193338CB003631C5 /* XbICFile.m */; };
		F117D40B19DBA7F7002CD9B5 /* XbICPerson.m in Sources */ = {isa = PBXBuildFile; fileRef = F1DC7726193F208500DB07D4 /* XbICPerson.m */; };
		F117D40C19DBA7F7002CD9B5 /* XbICProperty.m in Sources */ = {isa = PBXBuildFile; fileRef = F12F4E4419346AB6003631C5 /* XbICProperty.m */; };
		F117D40D19DBA7F7002CD9B5 /* XbICVCalendar.m in Sources */ = {isa = PBXBuildFile; fileRef = F12F4E481935B259003631C5 /* XbICVCalendar.m */; };
		F117D40E19DBA7F7002CD9B5 /* XbICVEvent.m in Sources */ = {isa = PBXBuildFile; fileRef = F12F4E4C1935CF03003631C5 /* XbICVEvent.m */; };
		F117D40F19DBA7F7002CD9B5 /* XbICZoneDirectory.m in Sources */ = {isa = PBXBuildFile; fileRef = F1FAB5FF1945B057005D0B35 /* XbICZoneDirectory.m */; };
		F117D41019DBA7F7002CD9B5 /* XbICInvite.m in Sources */ = {isa = PBXBuildFile; fileRef = F18820251990A41A00177998 /* XbICInvite.m */; };
		F12F48F019332EA4003631C5 /* Foundation.framework in Frameworks */ = {isa = PBXBuildFile; fileRef = F12F48EF19332EA4003631C5 /* Foundation.framework */; };
		F12F48F219332EA4003631C5 /* CoreGraphics.framework in Frameworks */ = {isa = PBXBuildFile; fileRef = F12F48F119332EA4003631C5 /* CoreGraphics.framework */; };
		F12F48F419332EA4003631C5 /* UIKit.framework in Frameworks */ = {isa = PBXBuildFile; fileRef = F12F48F319332EA4003631C5 /* UIKit.framework */; };
		F12F48FA19332EA4003631C5 /* InfoPlist.strings in Resources */ = {isa = PBXBuildFile; fileRef = F12F48F819332EA4003631C5 /* InfoPlist.strings */; };
		F12F48FC19332EA4003631C5 /* main.m in Sources */ = {isa = PBXBuildFile; fileRef = F12F48FB19332EA4003631C5 /* main.m */; };
		F12F490019332EA4003631C5 /* XbICAppDelegate.m in Sources */ = {isa = PBXBuildFile; fileRef = F12F48FF19332EA4003631C5 /* XbICAppDelegate.m */; };
		F12F490319332EA4003631C5 /* Main.storyboard in Resources */ = {isa = PBXBuildFile; fileRef = F12F490119332EA4003631C5 /* Main.storyboard */; };
		F12F490619332EA4003631C5 /* XbICViewController.m in Sources */ = {isa = PBXBuildFile; fileRef = F12F490519332EA4003631C5 /* XbICViewController.m */; };
		F12F490819332EA4003631C5 /* Images.xcassets in Resources */ = {isa = PBXBuildFile; fileRef = F12F490719332EA4003631C5 /* Images.xcassets */; };
		F12F490F19332EA5003631C5 /* XCTest.framework in Frameworks */ = {isa = PBXBuildFile; fileRef = F12F490E19332EA5003631C5 /* XCTest.framework */; };
		F12F491019332EA5003631C5 /* Foundation.framework in Frameworks */ = {isa = PBXBuildFile; fileRef = F12F48EF19332EA4003631C5 /* Foundation.framework */; };
		F12F491119332EA5003631C5 /* UIKit.framework in Frameworks */ = {isa = PBXBuildFile; fileRef = F12F48F319332EA4003631C5 /* UIKit.framework */; };
		F12F491919332EA5003631C5 /* InfoPlist.strings in Resources */ = {isa = PBXBuildFile; fileRef = F12F491719332EA5003631C5 /* InfoPlist.strings */; };
		F12F491B19332EA5003631C5 /* XbICalendarInMemoryTests.m in Sources */ = {isa = PBXBuildFile; fileRef = F12F491A19332EA5003631C5 /* XbICalendarInMemoryTests.m */; };
		F12F4928193338CB003631C5 /* XbICFile.m in Sources */ = {isa = PBXBuildFile; fileRef = F12F4927193338CB003631C5 /* XbICFile.m */; };
		F12F492B19333E35003631C5 /* 2445.ics in Resources */ = {isa = PBXBuildFile; fileRef = F12F492A19333E35003631C5 /* 2445.ics */; };
		F12F493519346287003631C5 /* invite.ics in Resources */ = {isa = PBXBuildFile; fileRef = F12F493419346287003631C5 /* invite.ics */; };
		F12F4E3C19346826003631C5 /* zoneinfo in Resources */ = {isa = PBXBuildFile; fileRef = F12F4E3B19346826003631C5 /* zoneinfo */; };
		F12F4E3D19346826003631C5 /* zoneinfo in Resources */ = {isa = PBXBuildFile; fileRef = F12F4E3B19346826003631C5 /* zoneinfo */; };
		F12F4E4119346A41003631C5 /* XbICComponent.m in Sources */ = {isa = PBXBuildFile; fileRef = F12F4E4019346A41003631C5 /* XbICComponent.m */; };
		F12F4E491935B259003631C5 /* XbICVCalendar.m in Sources */ = {isa = PBXBuildFile; fileRef = F12F4E481935B259003631C5 /* XbICVCalendar.m */; };
		F12F4E4D1935CF03003631C5 /* XbICVEvent.m in Sources */ = {isa = PBXBuildFile; fileRef = F12F4E4C1935CF03003631C5 /* XbICVEvent.m */; };
		F148A223194700DD00ED2C6E /* libical.a in Frameworks */ = {isa = PBXBuildFile; fileRef = F148A222194700DD00ED2C6E /* libical.a */; };
		F18820261990A41A00177998 /* XbICInvite.m in Sources */ = {isa = PBXBuildFile; fileRef = F18820251990A41A00177998 /* XbICInvite.m */; };
		F188202A1990A99A00177998 /* XbICInviteResponseTests.m in Sources */ = {isa = PBXBuildFile; fileRef = F18820291990A99A00177998 /* XbICInviteResponseTests.m */; };
		F1DC7727193F208500DB07D4 /* XbICPerson.m in Sources */ = {isa = PBXBuildFile; fileRef = F1DC7726193F208500DB07D4 /* XbICPerson.m */; };
		F1F5D71419402CEA00D81F71 /* XbICFileTableViewController.m in Sources */ = {isa = PBXBuildFile; fileRef = F1F5D71319402CEA00D81F71 /* XbICFileTableViewController.m */; };
		F1F5D71519402E9700D81F71 /* invite.ics in Resources */ = {isa = PBXBuildFile; fileRef = F12F493419346287003631C5 /* invite.ics */; };
		F1F5D71619402E9C00D81F71 /* 2445.ics in Resources */ = {isa = PBXBuildFile; fileRef = F12F492A19333E35003631C5 /* 2445.ics */; };
		F1F5D7171940395A00D81F71 /* XbICProperty.m in Sources */ = {isa = PBXBuildFile; fileRef = F12F4E4419346AB6003631C5 /* XbICProperty.m */; };
		F1FAB6001945B057005D0B35 /* XbICZoneDirectory.m in Sources */ = {isa = PBXBuildFile; fileRef = F1FAB5FF1945B057005D0B35 /* XbICZoneDirectory.m */; };
/* End PBXBuildFile section */

/* Begin PBXContainerItemProxy section */
		F12F491219332EA5003631C5 /* PBXContainerItemProxy */ = {
			isa = PBXContainerItemProxy;
			containerPortal = F12F48E419332EA4003631C5 /* Project object */;
			proxyType = 1;
			remoteGlobalIDString = F12F48EB19332EA4003631C5;
			remoteInfo = XbICalendar;
		};
/* End PBXContainerItemProxy section */

/* Begin PBXFileReference section */
		4D0767EB197ADF440017ED72 /* overlaps.ics */ = {isa = PBXFileReference; fileEncoding = 4; lastKnownFileType = text; path = overlaps.ics; sourceTree = "<group>"; };
		4D0767ED197ADF5C0017ED72 /* XbICalendarOverlapTests.m */ = {isa = PBXFileReference; fileEncoding = 4; lastKnownFileType = sourcecode.c.objc; path = XbICalendarOverlapTests.m; sourceTree = "<group>"; };
		4D0767EF197AE41A0017ED72 /* process-calendar.ics */ = {isa = PBXFileReference; fileEncoding = 4; lastKnownFileType = text; path = "process-calendar.ics"; sourceTree = "<group>"; };
		4D0767F1197AE4470017ED72 /* XbICalendarProcessCalendarTests.m */ = {isa = PBXFileReference; fileEncoding = 4; lastKnownFileType = sourcecode.c.objc; path = XbICalendarProcessCalendarTests.m; sourceTree = "<group>"; };
		4D0767F3197AFE200017ED72 /* process-incoming.ics */ = {isa = PBXFileReference; fileEncoding = 4; lastKnownFileType = text; path = "process-incoming.ics"; sourceTree = "<group>"; };
		4D0767F5197AFE5F0017ED72 /* XbICalendarProcessIncomingTests.m */ = {isa = PBXFileReference; fileEncoding = 4; lastKnownFileType = sourcecode.c.objc; path = XbICalendarProcessIncomingTests.m; sourceTree = "<group>"; };
		4DA795241979F12E0033A008 /* large.ics */ = {isa = PBXFileReference; fileEncoding = 4; lastKnownFileType = text; path = large.ics; sourceTree = "<group>"; };
		4DA795261979F1460033A008 /* XbICalendarLargeTests.m */ = {isa = PBXFileReference; fileEncoding = 4; lastKnownFileType = sourcecode.c.objc; path = XbICalendarLargeTests.m; sourceTree = "<group>"; };
		4DAE352A19720D050097A2D6 /* 2446.ics */ = {isa = PBXFileReference; fileEncoding = 4; lastKnownFileType = text; path = 2446.ics; sourceTree = "<group>"; };
		4DAE352C19721C9C0097A2D6 /* XbICalendarIcsTest.h */ = {isa = PBXFileReference; fileEncoding = 4; lastKnownFileType = sourcecode.c.h; path = XbICalendarIcsTest.h; sourceTree = "<group>"; };
		4DAE352D19721C9C0097A2D6 /* XbICalendarIcsTest.m */ = {isa = PBXFileReference; fileEncoding = 4; lastKnownFileType = sourcecode.c.objc; path = XbICalendarIcsTest.m; sourceTree = "<group>"; };
		4DAE352F197221770097A2D6 /* XbICalendar2446Tests.m */ = {isa = PBXFileReference; fileEncoding = 4; lastKnownFileType = sourcecode.c.objc; path = XbICalendar2446Tests.m; sourceTree = "<group>"; };
		4DAE3531197370380097A2D6 /* calendar.ics */ = {isa = PBXFileReference; fileEncoding = 4; lastKnownFileType = text; path = calendar.ics; sourceTree = "<group>"; };
		4DAE3533197370580097A2D6 /* XbICalendarCalendarTests.m */ = {isa = PBXFileReference; fileEncoding = 4; lastKnownFileType = sourcecode.c.objc; path = XbICalendarCalendarTests.m; sourceTree = "<group>"; };
		4DAE3535197379190097A2D6 /* classify.ics */ = {isa = PBXFileReference; fileEncoding = 4; lastKnownFileType = text; path = classify.ics; sourceTree = "<group>"; };
		4DAE3537197379920097A2D6 /* XbICalendarClassifyTests.m */ = {isa = PBXFileReference; fileEncoding = 4; lastKnownFileType = sourcecode.c.objc; path = XbICalendarClassifyTests.m; sourceTree = "<group>"; };
		4DAE353919737C660097A2D6 /* incoming.ics */ = {isa = PBXFileReference; fileEncoding = 4; lastKnownFileType = text; path = incoming.ics; sourceTree = "<group>"; };
		4DAE353B19737D1D0097A2D6 /* XbICalendarIncomingTests.m */ = {isa = PBXFileReference; fileEncoding = 4; lastKnownFileType = sourcecode.c.objc; path = XbICalendarIncomingTests.m; sourceTree = "<group>"; };
		4DC71122197B00B5003D4962 /* restriction.ics */ = {isa = PBXFileReference; fileEncoding = 4; lastKnownFileType = text; path = restriction.ics; sourceTree = "<group>"; };
		4DC71124197B00CA003D4962 /* XbICalendarRestrictionTests.m */ = {isa = PBXFileReference; fileEncoding = 4; lastKnownFileType = sourcecode.c.objc; path = XbICalendarRestrictionTests.m; sourceTree = "<group>"; };
		4DC71126197B32C3003D4962 /* smallcluster.ics */ = {isa = PBXFileReference; fileEncoding = 4; lastKnownFileType = text; path = smallcluster.ics; sourceTree = "<group>"; };
		4DC71127197B32C3003D4962 /* spanlist.ics */ = {isa = PBXFileReference; fileEncoding = 4; lastKnownFileType = text; path = spanlist.ics; sourceTree = "<group>"; };
		4DC71128197B32C3003D4962 /* stresstest.ics */ = {isa = PBXFileReference; fileEncoding = 4; lastKnownFileType = text; path = stresstest.ics; sourceTree = "<group>"; };
		4DC7112C197B32DC003D4962 /* XbICalendarSmallClusterTests.m */ = {isa = PBXFileReference; fileEncoding = 4; lastKnownFileType = sourcecode.c.objc; path = XbICalendarSmallClusterTests.m; sourceTree = "<group>"; };
		4DC7112E197B32EC003D4962 /* XbICalendarSpanListTests.m */ = {isa = PBXFileReference; fileEncoding = 4; lastKnownFileType = sourcecode.c.objc; path = XbICalendarSpanListTests.m; sourceTree = "<group>"; };
		4DC71130197B32FA003D4962 /* XbICalendarStressTestTests.m */ = {isa = PBXFileReference; fileEncoding = 4; lastKnownFileType = sourcecode.c.objc; path = XbICalendarStressTestTests.m; sourceTree = "<group>"; };
		4DC71132197B3F27003D4962 /* XbICalendarInviteTests.m */ = {isa = PBXFileReference; fileEncoding = 4; lastKnownFileType = sourcecode.c.objc; path = XbICalendarInviteTests.m; sourceTree = "<group>"; };
		4DC71134197B4A6A003D4962 /* XbICalendar2445Tests.m */ = {isa = PBXFileReference; fileEncoding = 4; lastKnownFileType = sourcecode.c.objc; path = XbICalendar2445Tests.m; sourceTree = "<group>"; };
		945795231B0897B200B60E82 /* XbICFileCreateViewController.h */ = {isa = PBXFileReference; fileEncoding = 4; lastKnownFileType = sourcecode.c.h; path = XbICFileCreateViewController.h; sourceTree = "<group>"; };
		945795241B0897B200B60E82 /* XbICFileCreateViewController.m */ = {isa = PBXFileReference; fileEncoding = 4; lastKnownFileType = sourcecode.c.objc; path = XbICFileCreateViewController.m; sourceTree = "<group>"; };
		946E26E51B0F60FA00418534 /* XbICCreatedFileTableViewController.h */ = {isa = PBXFileReference; fileEncoding = 4; lastKnownFileType = sourcecode.c.h; path = XbICCreatedFileTableViewController.h; sourceTree = "<group>"; };
		946E26E61B0F60FA00418534 /* XbICCreatedFileTableViewController.m */ = {isa = PBXFileReference; fileEncoding = 4; lastKnownFileType = sourcecode.c.objc; path = XbICCreatedFileTableViewController.m; sourceTree = "<group>"; };
		946E26E81B0F6B5F00418534 /* XbICAddViewController.h */ = {isa = PBXFileReference; fileEncoding = 4; lastKnownFileType = sourcecode.c.h; path = XbICAddViewController.h; sourceTree = "<group>"; };
		946E26E91B0F6B5F00418534 /* XbICAddViewController.m */ = {isa = PBXFileReference; fileEncoding = 4; lastKnownFileType = sourcecode.c.objc; path = XbICAddViewController.m; sourceTree = "<group>"; };
		946E26EB1B0F7B9600418534 /* EventKit.framework */ = {isa = PBXFileReference; lastKnownFileType = wrapper.framework; name = EventKit.framework; path = System/Library/Frameworks/EventKit.framework; sourceTree = SDKROOT; };
		946E26ED1B0F7BA500418534 /* EventKitUI.framework */ = {isa = PBXFileReference; lastKnownFileType = wrapper.framework; name = EventKitUI.framework; path = System/Library/Frameworks/EventKitUI.framework; sourceTree = SDKROOT; };
		94B0AB121B05A1330057BF2D /* XbICPropertyTest.m */ = {isa = PBXFileReference; fileEncoding = 4; lastKnownFileType = sourcecode.c.objc; path = XbICPropertyTest.m; sourceTree = "<group>"; };
		F113ED40198643FD00C37F81 /* XbICalendarInviteWriteTests.m */ = {isa = PBXFileReference; fileEncoding = 4; lastKnownFileType = sourcecode.c.objc; path = XbICalendarInviteWriteTests.m; sourceTree = "<group>"; };
		F117D40619DBA6FC002CD9B5 /* XbICalendar2445Tests.swift */ = {isa = PBXFileReference; fileEncoding = 4; lastKnownFileType = sourcecode.swift; path = XbICalendar2445Tests.swift; sourceTree = "<group>"; };
		F117D40819DBA7BB002CD9B5 /* XbICalendarTestsBridge.h */ = {isa = PBXFileReference; lastKnownFileType = sourcecode.c.h; path = XbICalendarTestsBridge.h; sourceTree = "<group>"; };
		F12F48EC19332EA4003631C5 /* XbICalendar.app */ = {isa = PBXFileReference; explicitFileType = wrapper.application; includeInIndex = 0; path = XbICalendar.app; sourceTree = BUILT_PRODUCTS_DIR; };
		F12F48EF19332EA4003631C5 /* Foundation.framework */ = {isa = PBXFileReference; lastKnownFileType = wrapper.framework; name = Foundation.framework; path = System/Library/Frameworks/Foundation.framework; sourceTree = SDKROOT; };
		F12F48F119332EA4003631C5 /* CoreGraphics.framework */ = {isa = PBXFileReference; lastKnownFileType = wrapper.framework; name = CoreGraphics.framework; path = System/Library/Frameworks/CoreGraphics.framework; sourceTree = SDKROOT; };
		F12F48F319332EA4003631C5 /* UIKit.framework */ = {isa = PBXFileReference; lastKnownFileType = wrapper.framework; name = UIKit.framework; path = System/Library/Frameworks/UIKit.framework; sourceTree = SDKROOT; };
		F12F48F719332EA4003631C5 /* XbICalendar-Info.plist */ = {isa = PBXFileReference; lastKnownFileType = text.plist.xml; path = "XbICalendar-Info.plist"; sourceTree = "<group>"; };
		F12F48F919332EA4003631C5 /* en */ = {isa = PBXFileReference; lastKnownFileType = text.plist.strings; name = en; path = en.lproj/InfoPlist.strings; sourceTree = "<group>"; };
		F12F48FB19332EA4003631C5 /* main.m */ = {isa = PBXFileReference; lastKnownFileType = sourcecode.c.objc; path = main.m; sourceTree = "<group>"; };
		F12F48FD19332EA4003631C5 /* XbICalendar-Prefix.pch */ = {isa = PBXFileReference; lastKnownFileType = sourcecode.c.h; path = "XbICalendar-Prefix.pch"; sourceTree = "<group>"; };
		F12F48FE19332EA4003631C5 /* XbICAppDelegate.h */ = {isa = PBXFileReference; lastKnownFileType = sourcecode.c.h; path = XbICAppDelegate.h; sourceTree = "<group>"; };
		F12F48FF19332EA4003631C5 /* XbICAppDelegate.m */ = {isa = PBXFileReference; lastKnownFileType = sourcecode.c.objc; path = XbICAppDelegate.m; sourceTree = "<group>"; };
		F12F490219332EA4003631C5 /* Base */ = {isa = PBXFileReference; lastKnownFileType = file.storyboard; name = Base; path = Base.lproj/Main.storyboard; sourceTree = "<group>"; };
		F12F490419332EA4003631C5 /* XbICViewController.h */ = {isa = PBXFileReference; lastKnownFileType = sourcecode.c.h; path = XbICViewController.h; sourceTree = "<group>"; };
		F12F490519332EA4003631C5 /* XbICViewController.m */ = {isa = PBXFileReference; lastKnownFileType = sourcecode.c.objc; path = XbICViewController.m; sourceTree = "<group>"; };
		F12F490719332EA4003631C5 /* Images.xcassets */ = {isa = PBXFileReference; lastKnownFileType = folder.assetcatalog; path = Images.xcassets; sourceTree = "<group>"; };
		F12F490D19332EA5003631C5 /* XbICalendarTests.xctest */ = {isa = PBXFileReference; explicitFileType = wrapper.cfbundle; includeInIndex = 0; path = XbICalendarTests.xctest; sourceTree = BUILT_PRODUCTS_DIR; };
		F12F490E19332EA5003631C5 /* XCTest.framework */ = {isa = PBXFileReference; lastKnownFileType = wrapper.framework; name = XCTest.framework; path = Library/Frameworks/XCTest.framework; sourceTree = DEVELOPER_DIR; };
		F12F491619332EA5003631C5 /* XbICalendarTests-Info.plist */ = {isa = PBXFileReference; lastKnownFileType = text.plist.xml; path = "XbICalendarTests-Info.plist"; sourceTree = "<group>"; };
		F12F491819332EA5003631C5 /* en */ = {isa = PBXFileReference; lastKnownFileType = text.plist.strings; name = en; path = en.lproj/InfoPlist.strings; sourceTree = "<group>"; };
		F12F491A19332EA5003631C5 /* XbICalendarInMemoryTests.m */ = {isa = PBXFileReference; lastKnownFileType = sourcecode.c.objc; path = XbICalendarInMemoryTests.m; sourceTree = "<group>"; };
		F12F492519333899003631C5 /* XbICalendar.h */ = {isa = PBXFileReference; lastKnownFileType = sourcecode.c.h; path = XbICalendar.h; sourceTree = "<group>"; };
		F12F4926193338CB003631C5 /* XbICFile.h */ = {isa = PBXFileReference; fileEncoding = 4; lastKnownFileType = sourcecode.c.h; path = XbICFile.h; sourceTree = "<group>"; };
		F12F4927193338CB003631C5 /* XbICFile.m */ = {isa = PBXFileReference; fileEncoding = 4; lastKnownFileType = sourcecode.c.objc; path = XbICFile.m; sourceTree = "<group>"; };
		F12F492A19333E35003631C5 /* 2445.ics */ = {isa = PBXFileReference; fileEncoding = 4; lastKnownFileType = text; path = 2445.ics; sourceTree = "<group>"; };
		F12F492C19345BB2003631C5 /* ical.h */ = {isa = PBXFileReference; fileEncoding = 4; lastKnownFileType = sourcecode.c.h; path = ical.h; sourceTree = "<group>"; };
		F12F493419346287003631C5 /* invite.ics */ = {isa = PBXFileReference; fileEncoding = 4; lastKnownFileType = text; path = invite.ics; sourceTree = "<group>"; };
		F12F4E3B19346826003631C5 /* zoneinfo */ = {isa = PBXFileReference; lastKnownFileType = folder; path = zoneinfo; sourceTree = "<group>"; };
		F12F4E3F19346A41003631C5 /* XbICComponent.h */ = {isa = PBXFileReference; fileEncoding = 4; lastKnownFileType = sourcecode.c.h; path = XbICComponent.h; sourceTree = "<group>"; };
		F12F4E4019346A41003631C5 /* XbICComponent.m */ = {isa = PBXFileReference; fileEncoding = 4; lastKnownFileType = sourcecode.c.objc; path = XbICComponent.m; sourceTree = "<group>"; };
		F12F4E4319346AB6003631C5 /* XbICProperty.h */ = {isa = PBXFileReference; fileEncoding = 4; lastKnownFileType = sourcecode.c.h; path = XbICProperty.h; sourceTree = "<group>"; };
		F12F4E4419346AB6003631C5 /* XbICProperty.m */ = {isa = PBXFileReference; fileEncoding = 4; lastKnownFileType = sourcecode.c.objc; path = XbICProperty.m; sourceTree = "<group>"; };
		F12F4E471935B259003631C5 /* XbICVCalendar.h */ = {isa = PBXFileReference; fileEncoding = 4; lastKnownFileType = sourcecode.c.h; path = XbICVCalendar.h; sourceTree = "<group>"; };
		F12F4E481935B259003631C5 /* XbICVCalendar.m */ = {isa = PBXFileReference; fileEncoding = 4; lastKnownFileType = sourcecode.c.objc; path = XbICVCalendar.m; sourceTree = "<group>"; };
		F12F4E4B1935CF03003631C5 /* XbICVEvent.h */ = {isa = PBXFileReference; fileEncoding = 4; lastKnownFileType = sourcecode.c.h; path = XbICVEvent.h; sourceTree = "<group>"; };
		F12F4E4C1935CF03003631C5 /* XbICVEvent.m */ = {isa = PBXFileReference; fileEncoding = 4; lastKnownFileType = sourcecode.c.objc; path = XbICVEvent.m; sourceTree = "<group>"; };
		F148A222194700DD00ED2C6E /* libical.a */ = {isa = PBXFileReference; lastKnownFileType = archive.ar; path = libical.a; sourceTree = "<group>"; };
		F18820241990A41A00177998 /* XbICInvite.h */ = {isa = PBXFileReference; fileEncoding = 4; lastKnownFileType = sourcecode.c.h; path = XbICInvite.h; sourceTree = "<group>"; };
		F18820251990A41A00177998 /* XbICInvite.m */ = {isa = PBXFileReference; fileEncoding = 4; lastKnownFileType = sourcecode.c.objc; path = XbICInvite.m; sourceTree = "<group>"; };
		F18820291990A99A00177998 /* XbICInviteResponseTests.m */ = {isa = PBXFileReference; fileEncoding = 4; lastKnownFileType = sourcecode.c.objc; path = XbICInviteResponseTests.m; sourceTree = "<group>"; };
		F1A240C919C96C6F00139576 /* Bridge.h */ = {isa = PBXFileReference; lastKnownFileType = sourcecode.c.h; path = Bridge.h; sourceTree = "<group>"; };
		F1DC7725193F208500DB07D4 /* XbICPerson.h */ = {isa = PBXFileReference; fileEncoding = 4; lastKnownFileType = sourcecode.c.h; path = XbICPerson.h; sourceTree = "<group>"; };
		F1DC7726193F208500DB07D4 /* XbICPerson.m */ = {isa = PBXFileReference; fileEncoding = 4; lastKnownFileType = sourcecode.c.objc; path = XbICPerson.m; sourceTree = "<group>"; };
		F1F5D71219402CEA00D81F71 /* XbICFileTableViewController.h */ = {isa = PBXFileReference; fileEncoding = 4; lastKnownFileType = sourcecode.c.h; path = XbICFileTableViewController.h; sourceTree = "<group>"; };
		F1F5D71319402CEA00D81F71 /* XbICFileTableViewController.m */ = {isa = PBXFileReference; fileEncoding = 4; lastKnownFileType = sourcecode.c.objc; path = XbICFileTableViewController.m; sourceTree = "<group>"; };
		F1FAB5FE1945B057005D0B35 /* XbICZoneDirectory.h */ = {isa = PBXFileReference; fileEncoding = 4; lastKnownFileType = sourcecode.c.h; path = XbICZoneDirectory.h; sourceTree = "<group>"; };
		F1FAB5FF1945B057005D0B35 /* XbICZoneDirectory.m */ = {isa = PBXFileReference; fileEncoding = 4; lastKnownFileType = sourcecode.c.objc; path = XbICZoneDirectory.m; sourceTree = "<group>"; };
/* End PBXFileReference section */

/* Begin PBXFrameworksBuildPhase section */
		F12F48E919332EA4003631C5 /* Frameworks */ = {
			isa = PBXFrameworksBuildPhase;
			buildActionMask = 2147483647;
			files = (
				946E26EE1B0F7BA500418534 /* EventKitUI.framework in Frameworks */,
				946E26EC1B0F7B9600418534 /* EventKit.framework in Frameworks */,
				F148A223194700DD00ED2C6E /* libical.a in Frameworks */,
				F12F48F219332EA4003631C5 /* CoreGraphics.framework in Frameworks */,
				F12F48F419332EA4003631C5 /* UIKit.framework in Frameworks */,
				F12F48F019332EA4003631C5 /* Foundation.framework in Frameworks */,
			);
			runOnlyForDeploymentPostprocessing = 0;
		};
		F12F490A19332EA4003631C5 /* Frameworks */ = {
			isa = PBXFrameworksBuildPhase;
			buildActionMask = 2147483647;
			files = (
				F12F490F19332EA5003631C5 /* XCTest.framework in Frameworks */,
				F12F491119332EA5003631C5 /* UIKit.framework in Frameworks */,
				F12F491019332EA5003631C5 /* Foundation.framework in Frameworks */,
			);
			runOnlyForDeploymentPostprocessing = 0;
		};
/* End PBXFrameworksBuildPhase section */

/* Begin PBXGroup section */
		F12F48E319332EA4003631C5 = {
			isa = PBXGroup;
			children = (
				F12F492D19345BC4003631C5 /* libical */,
				F12F49241933385D003631C5 /* XbICalendar */,
				F12F48F519332EA4003631C5 /* XbICalendarExample */,
				F12F491419332EA5003631C5 /* XbICalendarTests */,
				F12F48EE19332EA4003631C5 /* Frameworks */,
				F12F48ED19332EA4003631C5 /* Products */,
			);
			sourceTree = "<group>";
		};
		F12F48ED19332EA4003631C5 /* Products */ = {
			isa = PBXGroup;
			children = (
				F12F48EC19332EA4003631C5 /* XbICalendar.app */,
				F12F490D19332EA5003631C5 /* XbICalendarTests.xctest */,
			);
			name = Products;
			sourceTree = "<group>";
		};
		F12F48EE19332EA4003631C5 /* Frameworks */ = {
			isa = PBXGroup;
			children = (
				946E26ED1B0F7BA500418534 /* EventKitUI.framework */,
				946E26EB1B0F7B9600418534 /* EventKit.framework */,
				F12F48EF19332EA4003631C5 /* Foundation.framework */,
				F12F48F119332EA4003631C5 /* CoreGraphics.framework */,
				F12F48F319332EA4003631C5 /* UIKit.framework */,
				F12F490E19332EA5003631C5 /* XCTest.framework */,
			);
			name = Frameworks;
			sourceTree = "<group>";
		};
		F12F48F519332EA4003631C5 /* XbICalendarExample */ = {
			isa = PBXGroup;
			children = (
				F12F490119332EA4003631C5 /* Main.storyboard */,
				F1F5D71119402C1C00D81F71 /* Resources */,
				F12F48F619332EA4003631C5 /* Supporting Files */,
				F12F48FE19332EA4003631C5 /* XbICAppDelegate.h */,
				F12F48FF19332EA4003631C5 /* XbICAppDelegate.m */,
				F1F5D71219402CEA00D81F71 /* XbICFileTableViewController.h */,
				F1F5D71319402CEA00D81F71 /* XbICFileTableViewController.m */,
				F12F490419332EA4003631C5 /* XbICViewController.h */,
				F12F490519332EA4003631C5 /* XbICViewController.m */,
				945795231B0897B200B60E82 /* XbICFileCreateViewController.h */,
				945795241B0897B200B60E82 /* XbICFileCreateViewController.m */,
				946E26E51B0F60FA00418534 /* XbICCreatedFileTableViewController.h */,
				946E26E61B0F60FA00418534 /* XbICCreatedFileTableViewController.m */,
				946E26E81B0F6B5F00418534 /* XbICAddViewController.h */,
				946E26E91B0F6B5F00418534 /* XbICAddViewController.m */,
				F1A240C919C96C6F00139576 /* Bridge.h */,
			);
			path = XbICalendarExample;
			sourceTree = "<group>";
		};
		F12F48F619332EA4003631C5 /* Supporting Files */ = {
			isa = PBXGroup;
			children = (
				F12F48F719332EA4003631C5 /* XbICalendar-Info.plist */,
				F12F48F819332EA4003631C5 /* InfoPlist.strings */,
				F12F48FB19332EA4003631C5 /* main.m */,
				F12F48FD19332EA4003631C5 /* XbICalendar-Prefix.pch */,
			);
			name = "Supporting Files";
			sourceTree = "<group>";
		};
		F12F491419332EA5003631C5 /* XbICalendarTests */ = {
			isa = PBXGroup;
			children = (
				F12F491519332EA5003631C5 /* Supporting Files */,
				F12F492919333E1A003631C5 /* TestData */,
				4DC71134197B4A6A003D4962 /* XbICalendar2445Tests.m */,
				4DAE352F197221770097A2D6 /* XbICalendar2446Tests.m */,
				4DAE3533197370580097A2D6 /* XbICalendarCalendarTests.m */,
				4DAE3537197379920097A2D6 /* XbICalendarClassifyTests.m */,
				4DAE352C19721C9C0097A2D6 /* XbICalendarIcsTest.h */,
				4DAE352D19721C9C0097A2D6 /* XbICalendarIcsTest.m */,
				4DAE353B19737D1D0097A2D6 /* XbICalendarIncomingTests.m */,
				F12F491A19332EA5003631C5 /* XbICalendarInMemoryTests.m */,
				4DC71132197B3F27003D4962 /* XbICalendarInviteTests.m */,
				F113ED40198643FD00C37F81 /* XbICalendarInviteWriteTests.m */,
				4DA795261979F1460033A008 /* XbICalendarLargeTests.m */,
				4D0767ED197ADF5C0017ED72 /* XbICalendarOverlapTests.m */,
				4D0767F1197AE4470017ED72 /* XbICalendarProcessCalendarTests.m */,
				4D0767F5197AFE5F0017ED72 /* XbICalendarProcessIncomingTests.m */,
				4DC71124197B00CA003D4962 /* XbICalendarRestrictionTests.m */,
				4DC7112C197B32DC003D4962 /* XbICalendarSmallClusterTests.m */,
				4DC7112E197B32EC003D4962 /* XbICalendarSpanListTests.m */,
				4DC71130197B32FA003D4962 /* XbICalendarStressTestTests.m */,
				F18820291990A99A00177998 /* XbICInviteResponseTests.m */,
				94B0AB121B05A1330057BF2D /* XbICPropertyTest.m */,
				F117D40619DBA6FC002CD9B5 /* XbICalendar2445Tests.swift */,
			);
			path = XbICalendarTests;
			sourceTree = "<group>";
		};
		F12F491519332EA5003631C5 /* Supporting Files */ = {
			isa = PBXGroup;
			children = (
				F12F491619332EA5003631C5 /* XbICalendarTests-Info.plist */,
				F12F491719332EA5003631C5 /* InfoPlist.strings */,
				F117D40819DBA7BB002CD9B5 /* XbICalendarTestsBridge.h */,
			);
			name = "Supporting Files";
			sourceTree = "<group>";
		};
		F12F49241933385D003631C5 /* XbICalendar */ = {
			isa = PBXGroup;
			children = (
				F12F492519333899003631C5 /* XbICalendar.h */,
				F12F4E3F19346A41003631C5 /* XbICComponent.h */,
				F12F4E4019346A41003631C5 /* XbICComponent.m */,
				F12F4926193338CB003631C5 /* XbICFile.h */,
				F12F4927193338CB003631C5 /* XbICFile.m */,
				F1DC7725193F208500DB07D4 /* XbICPerson.h */,
				F1DC7726193F208500DB07D4 /* XbICPerson.m */,
				F12F4E4319346AB6003631C5 /* XbICProperty.h */,
				F12F4E4419346AB6003631C5 /* XbICProperty.m */,
				F12F4E471935B259003631C5 /* XbICVCalendar.h */,
				F12F4E481935B259003631C5 /* XbICVCalendar.m */,
				F12F4E4B1935CF03003631C5 /* XbICVEvent.h */,
				F12F4E4C1935CF03003631C5 /* XbICVEvent.m */,
				F1FAB5FE1945B057005D0B35 /* XbICZoneDirectory.h */,
				F1FAB5FF1945B057005D0B35 /* XbICZoneDirectory.m */,
				F18820241990A41A00177998 /* XbICInvite.h */,
				F18820251990A41A00177998 /* XbICInvite.m */,
			);
			name = XbICalendar;
			path = XBICalendar;
			sourceTree = "<group>";
		};
		F12F492919333E1A003631C5 /* TestData */ = {
			isa = PBXGroup;
			children = (
				F12F492A19333E35003631C5 /* 2445.ics */,
				4DAE352A19720D050097A2D6 /* 2446.ics */,
				4DAE3531197370380097A2D6 /* calendar.ics */,
				4DAE3535197379190097A2D6 /* classify.ics */,
				4DAE353919737C660097A2D6 /* incoming.ics */,
				F12F493419346287003631C5 /* invite.ics */,
				4DA795241979F12E0033A008 /* large.ics */,
				4D0767EB197ADF440017ED72 /* overlaps.ics */,
				4D0767EF197AE41A0017ED72 /* process-calendar.ics */,
				4D0767F3197AFE200017ED72 /* process-incoming.ics */,
				4DC71122197B00B5003D4962 /* restriction.ics */,
				4DC71126197B32C3003D4962 /* smallcluster.ics */,
				4DC71127197B32C3003D4962 /* spanlist.ics */,
				4DC71128197B32C3003D4962 /* stresstest.ics */,
			);
			path = TestData;
			sourceTree = "<group>";
		};
		F12F492D19345BC4003631C5 /* libical */ = {
			isa = PBXGroup;
			children = (
				F12F4E3B19346826003631C5 /* zoneinfo */,
				F12F493019345C4F003631C5 /* lib */,
				F12F492E19345BD9003631C5 /* src */,
			);
			name = libical;
			path = ../libical;
			sourceTree = "<group>";
		};
		F12F492E19345BD9003631C5 /* src */ = {
			isa = PBXGroup;
			children = (
				F12F492F19345BF7003631C5 /* include */,
			);
			path = src;
			sourceTree = "<group>";
		};
		F12F492F19345BF7003631C5 /* include */ = {
			isa = PBXGroup;
			children = (
				F12F492C19345BB2003631C5 /* ical.h */,
			);
			path = include;
			sourceTree = "<group>";
		};
		F12F493019345C4F003631C5 /* lib */ = {
			isa = PBXGroup;
			children = (
				F148A222194700DD00ED2C6E /* libical.a */,
			);
			path = lib;
			sourceTree = "<group>";
		};
		F1F5D71119402C1C00D81F71 /* Resources */ = {
			isa = PBXGroup;
			children = (
				F12F490719332EA4003631C5 /* Images.xcassets */,
			);
			name = Resources;
			sourceTree = "<group>";
		};
/* End PBXGroup section */

/* Begin PBXNativeTarget section */
		F12F48EB19332EA4003631C5 /* XbICalendar */ = {
			isa = PBXNativeTarget;
			buildConfigurationList = F12F491E19332EA5003631C5 /* Build configuration list for PBXNativeTarget "XbICalendar" */;
			buildPhases = (
				F12F48E819332EA4003631C5 /* Sources */,
				F12F48E919332EA4003631C5 /* Frameworks */,
				F12F48EA19332EA4003631C5 /* Resources */,
			);
			buildRules = (
			);
			dependencies = (
			);
			name = XbICalendar;
			productName = XbICalendar;
			productReference = F12F48EC19332EA4003631C5 /* XbICalendar.app */;
			productType = "com.apple.product-type.application";
		};
		F12F490C19332EA4003631C5 /* XbICalendarTests */ = {
			isa = PBXNativeTarget;
			buildConfigurationList = F12F492119332EA5003631C5 /* Build configuration list for PBXNativeTarget "XbICalendarTests" */;
			buildPhases = (
				F12F490919332EA4003631C5 /* Sources */,
				F12F490A19332EA4003631C5 /* Frameworks */,
				F12F490B19332EA4003631C5 /* Resources */,
			);
			buildRules = (
			);
			dependencies = (
				F12F491319332EA5003631C5 /* PBXTargetDependency */,
			);
			name = XbICalendarTests;
			productName = XbICalendarTests;
			productReference = F12F490D19332EA5003631C5 /* XbICalendarTests.xctest */;
			productType = "com.apple.product-type.bundle.unit-test";
		};
/* End PBXNativeTarget section */

/* Begin PBXProject section */
		F12F48E419332EA4003631C5 /* Project object */ = {
			isa = PBXProject;
			attributes = {
				CLASSPREFIX = XbIC;
				LastUpgradeCheck = 0510;
				ORGANIZATIONNAME = GaltSoft;
				TargetAttributes = {
					F12F490C19332EA4003631C5 = {
						TestTargetID = F12F48EB19332EA4003631C5;
					};
				};
			};
			buildConfigurationList = F12F48E719332EA4003631C5 /* Build configuration list for PBXProject "XbICalendar" */;
			compatibilityVersion = "Xcode 3.2";
			developmentRegion = English;
			hasScannedForEncodings = 0;
			knownRegions = (
				en,
				Base,
			);
			mainGroup = F12F48E319332EA4003631C5;
			productRefGroup = F12F48ED19332EA4003631C5 /* Products */;
			projectDirPath = "";
			projectRoot = "";
			targets = (
				F12F48EB19332EA4003631C5 /* XbICalendar */,
				F12F490C19332EA4003631C5 /* XbICalendarTests */,
			);
		};
/* End PBXProject section */

/* Begin PBXResourcesBuildPhase section */
		F12F48EA19332EA4003631C5 /* Resources */ = {
			isa = PBXResourcesBuildPhase;
			buildActionMask = 2147483647;
			files = (
				F12F4E3C19346826003631C5 /* zoneinfo in Resources */,
				F113ED3F19863A9D00C37F81 /* stresstest.ics in Resources */,
				F113ED3619863A8200C37F81 /* classify.ics in Resources */,
				F113ED3419863A7B00C37F81 /* 2446.ics in Resources */,
				F113ED3A19863A8E00C37F81 /* process-calendar.ics in Resources */,
				F12F490819332EA4003631C5 /* Images.xcassets in Resources */,
				F113ED3519863A7F00C37F81 /* calendar.ics in Resources */,
				F113ED3819863A8900C37F81 /* large.ics in Resources */,
				F113ED3E19863A9A00C37F81 /* spanlist.ics in Resources */,
				F1F5D71619402E9C00D81F71 /* 2445.ics in Resources */,
				F113ED3D19863A9700C37F81 /* smallcluster.ics in Resources */,
				F12F48FA19332EA4003631C5 /* InfoPlist.strings in Resources */,
				F113ED3719863A8400C37F81 /* incoming.ics in Resources */,
				F113ED3919863A8C00C37F81 /* overlaps.ics in Resources */,
				F12F490319332EA4003631C5 /* Main.storyboard in Resources */,
				F1F5D71519402E9700D81F71 /* invite.ics in Resources */,
				F113ED3C19863A9400C37F81 /* restriction.ics in Resources */,
				F113ED3B19863A9100C37F81 /* process-incoming.ics in Resources */,
			);
			runOnlyForDeploymentPostprocessing = 0;
		};
		F12F490B19332EA4003631C5 /* Resources */ = {
			isa = PBXResourcesBuildPhase;
			buildActionMask = 2147483647;
			files = (
				4DC71123197B00B5003D4962 /* restriction.ics in Resources */,
				F12F4E3D19346826003631C5 /* zoneinfo in Resources */,
				4DAE352B19720D050097A2D6 /* 2446.ics in Resources */,
				4DA795251979F12E0033A008 /* large.ics in Resources */,
				4DC71129197B32C3003D4962 /* smallcluster.ics in Resources */,
				F12F492B19333E35003631C5 /* 2445.ics in Resources */,
				4DAE3536197379190097A2D6 /* classify.ics in Resources */,
				4DC7112A197B32C3003D4962 /* spanlist.ics in Resources */,
				4D0767F4197AFE200017ED72 /* process-incoming.ics in Resources */,
				4DAE3532197370380097A2D6 /* calendar.ics in Resources */,
				4DAE353A19737C660097A2D6 /* incoming.ics in Resources */,
				4D0767EC197ADF440017ED72 /* overlaps.ics in Resources */,
				4D0767F0197AE41A0017ED72 /* process-calendar.ics in Resources */,
				F12F491919332EA5003631C5 /* InfoPlist.strings in Resources */,
				F12F493519346287003631C5 /* invite.ics in Resources */,
				4DC7112B197B32C3003D4962 /* stresstest.ics in Resources */,
			);
			runOnlyForDeploymentPostprocessing = 0;
		};
/* End PBXResourcesBuildPhase section */

/* Begin PBXSourcesBuildPhase section */
		F12F48E819332EA4003631C5 /* Sources */ = {
			isa = PBXSourcesBuildPhase;
			buildActionMask = 2147483647;
			files = (
				F18820261990A41A00177998 /* XbICInvite.m in Sources */,
				F12F4E4119346A41003631C5 /* XbICComponent.m in Sources */,
				F12F490019332EA4003631C5 /* XbICAppDelegate.m in Sources */,
				F1F5D7171940395A00D81F71 /* XbICProperty.m in Sources */,
				F12F48FC19332EA4003631C5 /* main.m in Sources */,
				F1FAB6001945B057005D0B35 /* XbICZoneDirectory.m in Sources */,
				F1F5D71419402CEA00D81F71 /* XbICFileTableViewController.m in Sources */,
				945795251B0897B200B60E82 /* XbICFileCreateViewController.m in Sources */,
				946E26EA1B0F6B5F00418534 /* XbICAddViewController.m in Sources */,
				F12F490619332EA4003631C5 /* XbICViewController.m in Sources */,
				F12F4E4D1935CF03003631C5 /* XbICVEvent.m in Sources */,
				F12F4928193338CB003631C5 /* XbICFile.m in Sources */,
				F12F4E491935B259003631C5 /* XbICVCalendar.m in Sources */,
				946E26E71B0F60FA00418534 /* XbICCreatedFileTableViewController.m in Sources */,
				F1DC7727193F208500DB07D4 /* XbICPerson.m in Sources */,
			);
			runOnlyForDeploymentPostprocessing = 0;
		};
		F12F490919332EA4003631C5 /* Sources */ = {
			isa = PBXSourcesBuildPhase;
			buildActionMask = 2147483647;
			files = (
				4DC71135197B4A6A003D4962 /* XbICalendar2445Tests.m in Sources */,
				4DC7112F197B32EC003D4962 /* XbICalendarSpanListTests.m in Sources */,
				4DC7112D197B32DC003D4962 /* XbICalendarSmallClusterTests.m in Sources */,
				F117D41019DBA7F7002CD9B5 /* XbICInvite.m in Sources */,
				94B0AB131B05A1330057BF2D /* XbICPropertyTest.m in Sources */,
				F12F491B19332EA5003631C5 /* XbICalendarInMemoryTests.m in Sources */,
				F117D40B19DBA7F7002CD9B5 /* XbICPerson.m in Sources */,
				4DC71133197B3F27003D4962 /* XbICalendarInviteTests.m in Sources */,
				4D0767F6197AFE5F0017ED72 /* XbICalendarProcessIncomingTests.m in Sources */,
				F113ED41198643FD00C37F81 /* XbICalendarInviteWriteTests.m in Sources */,
				F117D40A19DBA7F7002CD9B5 /* XbICFile.m in Sources */,
				4DAE353C19737D1D0097A2D6 /* XbICalendarIncomingTests.m in Sources */,
				4DA795271979F1460033A008 /* XbICalendarLargeTests.m in Sources */,
				4DAE352E19721C9C0097A2D6 /* XbICalendarIcsTest.m in Sources */,
				4DAE3538197379920097A2D6 /* XbICalendarClassifyTests.m in Sources */,
				4D0767EE197ADF5C0017ED72 /* XbICalendarOverlapTests.m in Sources */,
				4DC71131197B32FA003D4962 /* XbICalendarStressTestTests.m in Sources */,
				4D0767F2197AE4470017ED72 /* XbICalendarProcessCalendarTests.m in Sources */,
				F117D40D19DBA7F7002CD9B5 /* XbICVCalendar.m in Sources */,
				4DAE3530197221770097A2D6 /* XbICalendar2446Tests.m in Sources */,
				F117D40919DBA7F7002CD9B5 /* XbICComponent.m in Sources */,
				F188202A1990A99A00177998 /* XbICInviteResponseTests.m in Sources */,
				F117D40E19DBA7F7002CD9B5 /* XbICVEvent.m in Sources */,
				F117D40F19DBA7F7002CD9B5 /* XbICZoneDirectory.m in Sources */,
				4DC71125197B00CA003D4962 /* XbICalendarRestrictionTests.m in Sources */,
				F117D40C19DBA7F7002CD9B5 /* XbICProperty.m in Sources */,
				F117D40719DBA6FC002CD9B5 /* XbICalendar2445Tests.swift in Sources */,
				4DAE3534197370580097A2D6 /* XbICalendarCalendarTests.m in Sources */,
			);
			runOnlyForDeploymentPostprocessing = 0;
		};
/* End PBXSourcesBuildPhase section */

/* Begin PBXTargetDependency section */
		F12F491319332EA5003631C5 /* PBXTargetDependency */ = {
			isa = PBXTargetDependency;
			target = F12F48EB19332EA4003631C5 /* XbICalendar */;
			targetProxy = F12F491219332EA5003631C5 /* PBXContainerItemProxy */;
		};
/* End PBXTargetDependency section */

/* Begin PBXVariantGroup section */
		F12F48F819332EA4003631C5 /* InfoPlist.strings */ = {
			isa = PBXVariantGroup;
			children = (
				F12F48F919332EA4003631C5 /* en */,
			);
			name = InfoPlist.strings;
			sourceTree = "<group>";
		};
		F12F490119332EA4003631C5 /* Main.storyboard */ = {
			isa = PBXVariantGroup;
			children = (
				F12F490219332EA4003631C5 /* Base */,
			);
			name = Main.storyboard;
			sourceTree = "<group>";
		};
		F12F491719332EA5003631C5 /* InfoPlist.strings */ = {
			isa = PBXVariantGroup;
			children = (
				F12F491819332EA5003631C5 /* en */,
			);
			name = InfoPlist.strings;
			sourceTree = "<group>";
		};
/* End PBXVariantGroup section */

/* Begin XCBuildConfiguration section */
		F12F491C19332EA5003631C5 /* Debug */ = {
			isa = XCBuildConfiguration;
			buildSettings = {
				ALWAYS_SEARCH_USER_PATHS = NO;
				CLANG_CXX_LANGUAGE_STANDARD = "gnu++0x";
				CLANG_CXX_LIBRARY = "libc++";
				CLANG_ENABLE_MODULES = YES;
				CLANG_ENABLE_OBJC_ARC = YES;
				CLANG_WARN_BOOL_CONVERSION = YES;
				CLANG_WARN_CONSTANT_CONVERSION = YES;
				CLANG_WARN_DIRECT_OBJC_ISA_USAGE = YES_ERROR;
				CLANG_WARN_EMPTY_BODY = YES;
				CLANG_WARN_ENUM_CONVERSION = YES;
				CLANG_WARN_INT_CONVERSION = YES;
				CLANG_WARN_OBJC_ROOT_CLASS = YES_ERROR;
				CLANG_WARN__DUPLICATE_METHOD_MATCH = YES;
				"CODE_SIGN_IDENTITY[sdk=iphoneos*]" = "iPhone Developer";
				COPY_PHASE_STRIP = NO;
				GCC_C_LANGUAGE_STANDARD = gnu99;
				GCC_DYNAMIC_NO_PIC = NO;
				GCC_OPTIMIZATION_LEVEL = 0;
				GCC_PREPROCESSOR_DEFINITIONS = (
					"DEBUG=1",
					"$(inherited)",
				);
				GCC_SYMBOLS_PRIVATE_EXTERN = NO;
				GCC_WARN_64_TO_32_BIT_CONVERSION = YES;
				GCC_WARN_ABOUT_RETURN_TYPE = YES_ERROR;
				GCC_WARN_UNDECLARED_SELECTOR = YES;
				GCC_WARN_UNINITIALIZED_AUTOS = YES_AGGRESSIVE;
				GCC_WARN_UNUSED_FUNCTION = YES;
				GCC_WARN_UNUSED_VARIABLE = YES;
				IPHONEOS_DEPLOYMENT_TARGET = 7.1;
				ONLY_ACTIVE_ARCH = YES;
				SDKROOT = iphoneos;
			};
			name = Debug;
		};
		F12F491D19332EA5003631C5 /* Release */ = {
			isa = XCBuildConfiguration;
			buildSettings = {
				ALWAYS_SEARCH_USER_PATHS = NO;
				CLANG_CXX_LANGUAGE_STANDARD = "gnu++0x";
				CLANG_CXX_LIBRARY = "libc++";
				CLANG_ENABLE_MODULES = YES;
				CLANG_ENABLE_OBJC_ARC = YES;
				CLANG_WARN_BOOL_CONVERSION = YES;
				CLANG_WARN_CONSTANT_CONVERSION = YES;
				CLANG_WARN_DIRECT_OBJC_ISA_USAGE = YES_ERROR;
				CLANG_WARN_EMPTY_BODY = YES;
				CLANG_WARN_ENUM_CONVERSION = YES;
				CLANG_WARN_INT_CONVERSION = YES;
				CLANG_WARN_OBJC_ROOT_CLASS = YES_ERROR;
				CLANG_WARN__DUPLICATE_METHOD_MATCH = YES;
				"CODE_SIGN_IDENTITY[sdk=iphoneos*]" = "iPhone Developer";
				COPY_PHASE_STRIP = YES;
				ENABLE_NS_ASSERTIONS = NO;
				GCC_C_LANGUAGE_STANDARD = gnu99;
				GCC_WARN_64_TO_32_BIT_CONVERSION = YES;
				GCC_WARN_ABOUT_RETURN_TYPE = YES_ERROR;
				GCC_WARN_UNDECLARED_SELECTOR = YES;
				GCC_WARN_UNINITIALIZED_AUTOS = YES_AGGRESSIVE;
				GCC_WARN_UNUSED_FUNCTION = YES;
				GCC_WARN_UNUSED_VARIABLE = YES;
				IPHONEOS_DEPLOYMENT_TARGET = 7.1;
				SDKROOT = iphoneos;
				VALIDATE_PRODUCT = YES;
			};
			name = Release;
		};
		F12F491F19332EA5003631C5 /* Debug */ = {
			isa = XCBuildConfiguration;
			buildSettings = {
				ASSETCATALOG_COMPILER_APPICON_NAME = AppIcon;
				ASSETCATALOG_COMPILER_LAUNCHIMAGE_NAME = LaunchImage;
				GCC_PRECOMPILE_PREFIX_HEADER = YES;
				GCC_PREFIX_HEADER = "XbICalendarExample/XbICalendar-Prefix.pch";
				INFOPLIST_FILE = "$(SRCROOT)/XbICalendarExample/XbICalendar-Info.plist";
				IPHONEOS_DEPLOYMENT_TARGET = 6.1;
				LIBRARY_SEARCH_PATHS = (
					"$(inherited)",
					"$(SRCROOT)/../libical/lib",
				);
				OTHER_CFLAGS = "-DHAVE_CONFIG_H";
				PRODUCT_NAME = "$(TARGET_NAME)";
				WRAPPER_EXTENSION = app;
			};
			name = Debug;
		};
		F12F492019332EA5003631C5 /* Release */ = {
			isa = XCBuildConfiguration;
			buildSettings = {
				ASSETCATALOG_COMPILER_APPICON_NAME = AppIcon;
				ASSETCATALOG_COMPILER_LAUNCHIMAGE_NAME = LaunchImage;
				GCC_PRECOMPILE_PREFIX_HEADER = YES;
				GCC_PREFIX_HEADER = "XbICalendarExample/XbICalendar-Prefix.pch";
				INFOPLIST_FILE = "$(SRCROOT)/XbICalendarExample/XbICalendar-Info.plist";
				IPHONEOS_DEPLOYMENT_TARGET = 6.1;
				LIBRARY_SEARCH_PATHS = (
					"$(inherited)",
					"$(SRCROOT)/../libical/lib",
				);
				OTHER_CFLAGS = "-DHAVE_CONFIG_H";
				PRODUCT_NAME = "$(TARGET_NAME)";
				WRAPPER_EXTENSION = app;
			};
			name = Release;
		};
		F12F492219332EA5003631C5 /* Debug */ = {
			isa = XCBuildConfiguration;
			buildSettings = {
				BUNDLE_LOADER = "$(BUILT_PRODUCTS_DIR)/XbICalendar.app/XbICalendar";
				CLANG_ENABLE_MODULES = YES;
				FRAMEWORK_SEARCH_PATHS = (
					"$(SDKROOT)/Developer/Library/Frameworks",
					"$(inherited)",
					"$(DEVELOPER_FRAMEWORKS_DIR)",
				);
				GCC_PRECOMPILE_PREFIX_HEADER = YES;
				GCC_PREFIX_HEADER = "XbICalendarExample/XbICalendar-Prefix.pch";
				GCC_PREPROCESSOR_DEFINITIONS = (
					"DEBUG=1",
					"$(inherited)",
				);
				INFOPLIST_FILE = "XbICalendarTests/XbICalendarTests-Info.plist";
				LD_RUNPATH_SEARCH_PATHS = "$(inherited) @executable_path/Frameworks @loader_path/Frameworks";
				LIBRARY_SEARCH_PATHS = (
					"$(inherited)",
					"$(SRCROOT)/../libical/lib",
				);
				PRODUCT_NAME = "$(TARGET_NAME)";
				SWIFT_OBJC_BRIDGING_HEADER = XbICalendarTests/XbICalendarTestsBridge.h;
				SWIFT_OPTIMIZATION_LEVEL = "-Onone";
				TEST_HOST = "$(BUNDLE_LOADER)";
				WRAPPER_EXTENSION = xctest;
			};
			name = Debug;
		};
		F12F492319332EA5003631C5 /* Release */ = {
			isa = XCBuildConfiguration;
			buildSettings = {
				BUNDLE_LOADER = "$(BUILT_PRODUCTS_DIR)/XbICalendar.app/XbICalendar";
				CLANG_ENABLE_MODULES = YES;
				FRAMEWORK_SEARCH_PATHS = (
					"$(SDKROOT)/Developer/Library/Frameworks",
					"$(inherited)",
					"$(DEVELOPER_FRAMEWORKS_DIR)",
				);
				GCC_PRECOMPILE_PREFIX_HEADER = YES;
				GCC_PREFIX_HEADER = "XbICalendarExample/XbICalendar-Prefix.pch";
				INFOPLIST_FILE = "XbICalendarTests/XbICalendarTests-Info.plist";
				LD_RUNPATH_SEARCH_PATHS = "$(inherited) @executable_path/Frameworks @loader_path/Frameworks";
				LIBRARY_SEARCH_PATHS = (
					"$(inherited)",
					"$(SRCROOT)/../libical/lib",
				);
				PRODUCT_NAME = "$(TARGET_NAME)";
				SWIFT_OBJC_BRIDGING_HEADER = XbICalendarTests/XbICalendarTestsBridge.h;
				TEST_HOST = "$(BUNDLE_LOADER)";
				WRAPPER_EXTENSION = xctest;
			};
			name = Release;
		};
/* End XCBuildConfiguration section */

/* Begin XCConfigurationList section */
		F12F48E719332EA4003631C5 /* Build configuration list for PBXProject "XbICalendar" */ = {
			isa = XCConfigurationList;
			buildConfigurations = (
				F12F491C19332EA5003631C5 /* Debug */,
				F12F491D19332EA5003631C5 /* Release */,
			);
			defaultConfigurationIsVisible = 0;
			defaultConfigurationName = Release;
		};
		F12F491E19332EA5003631C5 /* Build configuration list for PBXNativeTarget "XbICalendar" */ = {
			isa = XCConfigurationList;
			buildConfigurations = (
				F12F491F19332EA5003631C5 /* Debug */,
				F12F492019332EA5003631C5 /* Release */,
			);
			defaultConfigurationIsVisible = 0;
			defaultConfigurationName = Release;
		};
		F12F492119332EA5003631C5 /* Build configuration list for PBXNativeTarget "XbICalendarTests" */ = {
			isa = XCConfigurationList;
			buildConfigurations = (
				F12F492219332EA5003631C5 /* Debug */,
				F12F492319332EA5003631C5 /* Release */,
			);
			defaultConfigurationIsVisible = 0;
			defaultConfigurationName = Release;
		};
/* End XCConfigurationList section */
	};
	rootObject = F12F48E419332EA4003631C5 /* Project object */;
}
